PODS:
  - Masonry (1.1.0)
  - SJAttributesFactory (1.1.14)
  - SJBorderLineView (0.0.6)
  - SJLoadingView (0.0.2)
  - SJObserverHelper (1.0.3)
  - SJOrentationObserver (0.0.4):
    - SJOrentationObserver/Category (= 0.0.4)
  - SJOrentationObserver/Category (0.0.4)
  - SJPrompt (1.0.1):
    - Masonry
  - SJSlider (1.0.2):
    - Masonry
  - SJUIFactory (0.0.8):
    - SJAttributesFactory
    - SJUIFactory/Category (= 0.0.8)
  - SJUIFactory/Category (0.0.8):
    - SJAttributesFactory
  - SJVideoPlayer (1.3.3):
    - Masonry
    - SJAttributesFactory
    - SJBorderLineView
    - SJLoadingView
    - SJOrentationObserver
    - SJPrompt
    - SJSlider
    - SJUIFactory
    - SJVideoPlayer/Base (= 1.3.3)
    - SJVideoPlayer/Control (= 1.3.3)
    - SJVideoPlayer/GestureControl (= 1.3.3)
    - SJVideoPlayer/Header (= 1.3.3)
    - SJVideoPlayer/Model (= 1.3.3)
    - SJVideoPlayer/MoreSetting (= 1.3.3)
    - SJVideoPlayer/Other (= 1.3.3)
    - SJVideoPlayer/Player (= 1.3.3)
    - SJVideoPlayer/Present (= 1.3.3)
    - SJVideoPlayer/Registrar (= 1.3.3)
    - SJVideoPlayer/Resource (= 1.3.3)
    - SJVideoPlayer/TimerControl (= 1.3.3)
    - SJVideoPlayer/VolBrigControl (= 1.3.3)
    - SJVideoPlayerBackGR
  - SJVideoPlayer/Base (1.3.3):
    - Masonry
    - SJAttributesFactory
    - SJBorderLineView
    - SJLoadingView
    - SJOrentationObserver
    - SJPrompt
    - SJSlider
    - SJUIFactory
    - SJVideoPlayer/Header
    - SJVideoPlayer/Model
    - SJVideoPlayer/Resource
    - SJVideoPlayerBackGR
  - SJVideoPlayer/Control (1.3.3):
    - Masonry
    - SJAttributesFactory
    - SJBorderLineView
    - SJLoadingView
    - SJOrentationObserver
    - SJPrompt
    - SJSlider
    - SJUIFactory
    - SJVideoPlayer/Other
    - SJVideoPlayerBackGR
  - SJVideoPlayer/GestureControl (1.3.3):
    - Masonry
    - SJAttributesFactory
    - SJBorderLineView
    - SJLoadingView
    - SJOrentationObserver
    - SJPrompt
    - SJSlider
    - SJUIFactory
    - SJVideoPlayerBackGR
  - SJVideoPlayer/Header (1.3.3):
    - Masonry
    - SJAttributesFactory
    - SJBorderLineView
    - SJLoadingView
    - SJOrentationObserver
    - SJPrompt
    - SJSlider
    - SJUIFactory
    - SJVideoPlayerBackGR
  - SJVideoPlayer/Model (1.3.3):
    - Masonry
    - SJAttributesFactory
    - SJBorderLineView
    - SJLoadingView
    - SJOrentationObserver
    - SJPrompt
    - SJSlider
    - SJUIFactory
    - SJVideoPlayerBackGR
  - SJVideoPlayer/MoreSetting (1.3.3):
    - Masonry
    - SJAttributesFactory
    - SJBorderLineView
    - SJLoadingView
    - SJOrentationObserver
    - SJPrompt
    - SJSlider
    - SJUIFactory
    - SJVideoPlayer/Other
    - SJVideoPlayerBackGR
  - SJVideoPlayer/Other (1.3.3):
    - Masonry
    - SJAttributesFactory
    - SJBorderLineView
    - SJLoadingView
    - SJOrentationObserver
    - SJPrompt
    - SJSlider
    - SJUIFactory
    - SJVideoPlayer/Base
    - SJVideoPlayerBackGR
  - SJVideoPlayer/Player (1.3.3):
    - Masonry
    - SJAttributesFactory
    - SJBorderLineView
    - SJLoadingView
    - SJOrentationObserver
    - SJPrompt
    - SJSlider
    - SJUIFactory
    - SJVideoPlayer/Control
    - SJVideoPlayer/GestureControl
    - SJVideoPlayer/MoreSetting
    - SJVideoPlayer/Present
    - SJVideoPlayer/Registrar
    - SJVideoPlayer/TimerControl
    - SJVideoPlayer/VolBrigControl
    - SJVideoPlayerBackGR
  - SJVideoPlayer/Present (1.3.3):
    - Masonry
    - SJAttributesFactory
    - SJBorderLineView
    - SJLoadingView
    - SJOrentationObserver
    - SJPrompt
    - SJSlider
    - SJUIFactory
    - SJVideoPlayer/Other
    - SJVideoPlayerBackGR
  - SJVideoPlayer/Registrar (1.3.3):
    - Masonry
    - SJAttributesFactory
    - SJBorderLineView
    - SJLoadingView
    - SJOrentationObserver
    - SJPrompt
    - SJSlider
    - SJUIFactory
    - SJVideoPlayerBackGR
  - SJVideoPlayer/Resource (1.3.3):
    - Masonry
    - SJAttributesFactory
    - SJBorderLineView
    - SJLoadingView
    - SJOrentationObserver
    - SJPrompt
    - SJSlider
    - SJUIFactory
    - SJVideoPlayerBackGR
  - SJVideoPlayer/TimerControl (1.3.3):
    - Masonry
    - SJAttributesFactory
    - SJBorderLineView
    - SJLoadingView
    - SJOrentationObserver
    - SJPrompt
    - SJSlider
    - SJUIFactory
    - SJVideoPlayerBackGR
  - SJVideoPlayer/VolBrigControl (1.3.3):
    - Masonry
    - SJAttributesFactory
    - SJBorderLineView
    - SJLoadingView
    - SJOrentationObserver
    - SJPrompt
    - SJSlider
    - SJUIFactory
    - SJVideoPlayer/Other
    - SJVideoPlayerBackGR
  - SJVideoPlayerBackGR (1.0.17):
    - SJObserverHelper
  - YYKit (1.0.9):
    - YYKit/no-arc (= 1.0.9)
  - YYKit/no-arc (1.0.9)

DEPENDENCIES:
  - SJVideoPlayer
  - YYKit

SPEC CHECKSUMS:
  Masonry: 678fab65091a9290e40e2832a55e7ab731aad201
  SJAttributesFactory: 10af803585a072a7d6273b87cb12f729f15b89a6
  SJBorderLineView: 5878e67fb57e812a2d5d029ca666068784b5448a
  SJLoadingView: 0c49f9db49ad8e43827cf36fa98c6c9d6ed142f8
  SJObserverHelper: b270d707cd18ab76538596aa4e98cf798c9e9868
  SJOrentationObserver: 0ff8ffedd31e6b32fb5aca5568db38d68ebee75b
  SJPrompt: eaecd94f2055a12d25090967dbad3f21da011626
  SJSlider: 669eb96319014a303a77baed4cc24aa0d0113f14
  SJUIFactory: d91d57830cfbf0b1385ad75f26d3a54147671a9f
  SJVideoPlayer: 69e7aaa6cd86847bd5cccfaae4b29c9cf42d22c6
  SJVideoPlayerBackGR: 565fc549e0aaa9f669f47259e56c066a66eb6247
  YYKit: 7cda43304a8dc3696c449041e2cb3107b4e236e7

PODFILE CHECKSUM: 76d1dc30d98739cae64dcbfface0305ec3737ba6

COCOAPODS: 1.4.0.rc.1
