// !$*UTF8*$!
{
	archiveVersion = 1;
	classes = {
	};
	objectVersion = 46;
	objects = {

/* Begin PBXBuildFile section */
		771F8F3C1EE4816000292E64 /* main.m in Sources */ = {isa = PBXBuildFile; fileRef = 771F8F3B1EE4816000292E64 /* main.m */; };
		771F8F3F1EE4816000292E64 /* AppDelegate.m in Sources */ = {isa = PBXBuildFile; fileRef = 771F8F3E1EE4816000292E64 /* AppDelegate.m */; };
		771F8F421EE4816000292E64 /* ViewController.m in Sources */ = {isa = PBXBuildFile; fileRef = 771F8F411EE4816000292E64 /* ViewController.m */; };
		771F8F451EE4816000292E64 /* Main.storyboard in Resources */ = {isa = PBXBuildFile; fileRef = 771F8F431EE4816000292E64 /* Main.storyboard */; };
		771F8F471EE4816000292E64 /* Assets.xcassets in Resources */ = {isa = PBXBuildFile; fileRef = 771F8F461EE4816000292E64 /* Assets.xcassets */; };
		771F8F4A1EE4816000292E64 /* LaunchScreen.storyboard in Resources */ = {isa = PBXBuildFile; fileRef = 771F8F481EE4816000292E64 /* LaunchScreen.storyboard */; };
		771F8F721EE4819900292E64 /* Person.m in Sources */ = {isa = PBXBuildFile; fileRef = 771F8F6F1EE4819900292E64 /* Person.m */; };
		771F8F731EE4819900292E64 /* PersonTag.m in Sources */ = {isa = PBXBuildFile; fileRef = 771F8F711EE4819900292E64 /* PersonTag.m */; };
		771F8FC51EE48BF300292E64 /* SJDBMap+GetInfo.m in Sources */ = {isa = PBXBuildFile; fileRef = 771F8FB41EE48BF300292E64 /* SJDBMap+GetInfo.m */; };
		771F8FC61EE48BF300292E64 /* SJDBMap+Server.m in Sources */ = {isa = PBXBuildFile; fileRef = 771F8FB61EE48BF300292E64 /* SJDBMap+Server.m */; };
		771F8FC71EE48BF300292E64 /* SJDBMap.m in Sources */ = {isa = PBXBuildFile; fileRef = 771F8FB81EE48BF300292E64 /* SJDBMap.m */; };
		771F8FC81EE48BF300292E64 /* SJDBMapArrayCorrespondingKeysModel.m in Sources */ = {isa = PBXBuildFile; fileRef = 771F8FBA1EE48BF300292E64 /* SJDBMapArrayCorrespondingKeysModel.m */; };
		771F8FC91EE48BF300292E64 /* SJDBMapAutoincrementPrimaryKeyModel.m in Sources */ = {isa = PBXBuildFile; fileRef = 771F8FBC1EE48BF300292E64 /* SJDBMapAutoincrementPrimaryKeyModel.m */; };
		771F8FCA1EE48BF300292E64 /* SJDBMapCorrespondingKeyModel.m in Sources */ = {isa = PBXBuildFile; fileRef = 771F8FBE1EE48BF300292E64 /* SJDBMapCorrespondingKeyModel.m */; };
		771F8FCB1EE48BF300292E64 /* SJDBMapPrimaryKeyModel.m in Sources */ = {isa = PBXBuildFile; fileRef = 771F8FC11EE48BF300292E64 /* SJDBMapPrimaryKeyModel.m */; };
		771F8FCC1EE48BF300292E64 /* SJDBMapUnderstandingModel.m in Sources */ = {isa = PBXBuildFile; fileRef = 771F8FC31EE48BF300292E64 /* SJDBMapUnderstandingModel.m */; };
		D63CC47718C5D505E622096C /* libPods-SJDBMapProject.a in Frameworks */ = {isa = PBXBuildFile; fileRef = B29445EA7D27D632FB4CE57D /* libPods-SJDBMapProject.a */; };
/* End PBXBuildFile section */

/* Begin PBXFileReference section */
		771F8F371EE4816000292E64 /* SJDBMapProject.app */ = {isa = PBXFileReference; explicitFileType = wrapper.application; includeInIndex = 0; path = SJDBMapProject.app; sourceTree = BUILT_PRODUCTS_DIR; };
		771F8F3B1EE4816000292E64 /* main.m */ = {isa = PBXFileReference; lastKnownFileType = sourcecode.c.objc; path = main.m; sourceTree = "<group>"; };
		771F8F3D1EE4816000292E64 /* AppDelegate.h */ = {isa = PBXFileReference; lastKnownFileType = sourcecode.c.h; path = AppDelegate.h; sourceTree = "<group>"; };
		771F8F3E1EE4816000292E64 /* AppDelegate.m */ = {isa = PBXFileReference; lastKnownFileType = sourcecode.c.objc; path = AppDelegate.m; sourceTree = "<group>"; };
		771F8F401EE4816000292E64 /* ViewController.h */ = {isa = PBXFileReference; lastKnownFileType = sourcecode.c.h; path = ViewController.h; sourceTree = "<group>"; };
		771F8F411EE4816000292E64 /* ViewController.m */ = {isa = PBXFileReference; lastKnownFileType = sourcecode.c.objc; path = ViewController.m; sourceTree = "<group>"; };
		771F8F441EE4816000292E64 /* Base */ = {isa = PBXFileReference; lastKnownFileType = file.storyboard; name = Base; path = Base.lproj/Main.storyboard; sourceTree = "<group>"; };
		771F8F461EE4816000292E64 /* Assets.xcassets */ = {isa = PBXFileReference; lastKnownFileType = folder.assetcatalog; path = Assets.xcassets; sourceTree = "<group>"; };
		771F8F491EE4816000292E64 /* Base */ = {isa = PBXFileReference; lastKnownFileType = file.storyboard; name = Base; path = Base.lproj/LaunchScreen.storyboard; sourceTree = "<group>"; };
		771F8F4B1EE4816000292E64 /* Info.plist */ = {isa = PBXFileReference; lastKnownFileType = text.plist.xml; path = Info.plist; sourceTree = "<group>"; };
		771F8F6E1EE4819900292E64 /* Person.h */ = {isa = PBXFileReference; fileEncoding = 4; lastKnownFileType = sourcecode.c.h; path = Person.h; sourceTree = "<group>"; };
		771F8F6F1EE4819900292E64 /* Person.m */ = {isa = PBXFileReference; fileEncoding = 4; lastKnownFileType = sourcecode.c.objc; path = Person.m; sourceTree = "<group>"; };
		771F8F701EE4819900292E64 /* PersonTag.h */ = {isa = PBXFileReference; fileEncoding = 4; lastKnownFileType = sourcecode.c.h; path = PersonTag.h; sourceTree = "<group>"; };
		771F8F711EE4819900292E64 /* PersonTag.m */ = {isa = PBXFileReference; fileEncoding = 4; lastKnownFileType = sourcecode.c.objc; path = PersonTag.m; sourceTree = "<group>"; };
		771F8FB31EE48BF300292E64 /* SJDBMap+GetInfo.h */ = {isa = PBXFileReference; fileEncoding = 4; lastKnownFileType = sourcecode.c.h; path = "SJDBMap+GetInfo.h"; sourceTree = "<group>"; };
		771F8FB41EE48BF300292E64 /* SJDBMap+GetInfo.m */ = {isa = PBXFileReference; fileEncoding = 4; lastKnownFileType = sourcecode.c.objc; path = "SJDBMap+GetInfo.m"; sourceTree = "<group>"; };
		771F8FB51EE48BF300292E64 /* SJDBMap+Server.h */ = {isa = PBXFileReference; fileEncoding = 4; lastKnownFileType = sourcecode.c.h; path = "SJDBMap+Server.h"; sourceTree = "<group>"; };
		771F8FB61EE48BF300292E64 /* SJDBMap+Server.m */ = {isa = PBXFileReference; fileEncoding = 4; lastKnownFileType = sourcecode.c.objc; path = "SJDBMap+Server.m"; sourceTree = "<group>"; };
		771F8FB71EE48BF300292E64 /* SJDBMap.h */ = {isa = PBXFileReference; fileEncoding = 4; lastKnownFileType = sourcecode.c.h; path = SJDBMap.h; sourceTree = "<group>"; };
		771F8FB81EE48BF300292E64 /* SJDBMap.m */ = {isa = PBXFileReference; fileEncoding = 4; lastKnownFileType = sourcecode.c.objc; path = SJDBMap.m; sourceTree = "<group>"; };
		771F8FB91EE48BF300292E64 /* SJDBMapArrayCorrespondingKeysModel.h */ = {isa = PBXFileReference; fileEncoding = 4; lastKnownFileType = sourcecode.c.h; path = SJDBMapArrayCorrespondingKeysModel.h; sourceTree = "<group>"; };
		771F8FBA1EE48BF300292E64 /* SJDBMapArrayCorrespondingKeysModel.m */ = {isa = PBXFileReference; fileEncoding = 4; lastKnownFileType = sourcecode.c.objc; path = SJDBMapArrayCorrespondingKeysModel.m; sourceTree = "<group>"; };
		771F8FBB1EE48BF300292E64 /* SJDBMapAutoincrementPrimaryKeyModel.h */ = {isa = PBXFileReference; fileEncoding = 4; lastKnownFileType = sourcecode.c.h; path = SJDBMapAutoincrementPrimaryKeyModel.h; sourceTree = "<group>"; };
		771F8FBC1EE48BF300292E64 /* SJDBMapAutoincrementPrimaryKeyModel.m */ = {isa = PBXFileReference; fileEncoding = 4; lastKnownFileType = sourcecode.c.objc; path = SJDBMapAutoincrementPrimaryKeyModel.m; sourceTree = "<group>"; };
		771F8FBD1EE48BF300292E64 /* SJDBMapCorrespondingKeyModel.h */ = {isa = PBXFileReference; fileEncoding = 4; lastKnownFileType = sourcecode.c.h; path = SJDBMapCorrespondingKeyModel.h; sourceTree = "<group>"; };
		771F8FBE1EE48BF300292E64 /* SJDBMapCorrespondingKeyModel.m */ = {isa = PBXFileReference; fileEncoding = 4; lastKnownFileType = sourcecode.c.objc; path = SJDBMapCorrespondingKeyModel.m; sourceTree = "<group>"; };
		771F8FBF1EE48BF300292E64 /* SJDBMapHeader.h */ = {isa = PBXFileReference; fileEncoding = 4; lastKnownFileType = sourcecode.c.h; path = SJDBMapHeader.h; sourceTree = "<group>"; };
		771F8FC01EE48BF300292E64 /* SJDBMapPrimaryKeyModel.h */ = {isa = PBXFileReference; fileEncoding = 4; lastKnownFileType = sourcecode.c.h; path = SJDBMapPrimaryKeyModel.h; sourceTree = "<group>"; };
		771F8FC11EE48BF300292E64 /* SJDBMapPrimaryKeyModel.m */ = {isa = PBXFileReference; fileEncoding = 4; lastKnownFileType = sourcecode.c.objc; path = SJDBMapPrimaryKeyModel.m; sourceTree = "<group>"; };
		771F8FC21EE48BF300292E64 /* SJDBMapUnderstandingModel.h */ = {isa = PBXFileReference; fileEncoding = 4; lastKnownFileType = sourcecode.c.h; path = SJDBMapUnderstandingModel.h; sourceTree = "<group>"; };
		771F8FC31EE48BF300292E64 /* SJDBMapUnderstandingModel.m */ = {isa = PBXFileReference; fileEncoding = 4; lastKnownFileType = sourcecode.c.objc; path = SJDBMapUnderstandingModel.m; sourceTree = "<group>"; };
		771F8FC41EE48BF300292E64 /* SJDBMapUseProtocol.h */ = {isa = PBXFileReference; fileEncoding = 4; lastKnownFileType = sourcecode.c.h; path = SJDBMapUseProtocol.h; sourceTree = "<group>"; };
		7D3F54FF1AF829FD4A745B40 /* Pods-SJDBMapProject.debug.xcconfig */ = {isa = PBXFileReference; includeInIndex = 1; lastKnownFileType = text.xcconfig; name = "Pods-SJDBMapProject.debug.xcconfig"; path = "Pods/Target Support Files/Pods-SJDBMapProject/Pods-SJDBMapProject.debug.xcconfig"; sourceTree = "<group>"; };
		B29445EA7D27D632FB4CE57D /* libPods-SJDBMapProject.a */ = {isa = PBXFileReference; explicitFileType = archive.ar; includeInIndex = 0; path = "libPods-SJDBMapProject.a"; sourceTree = BUILT_PRODUCTS_DIR; };
		B3ACECA601BBD6294C622848 /* Pods-SJDBMapProject.release.xcconfig */ = {isa = PBXFileReference; includeInIndex = 1; lastKnownFileType = text.xcconfig; name = "Pods-SJDBMapProject.release.xcconfig"; path = "Pods/Target Support Files/Pods-SJDBMapProject/Pods-SJDBMapProject.release.xcconfig"; sourceTree = "<group>"; };
/* End PBXFileReference section */

/* Begin PBXFrameworksBuildPhase section */
		771F8F341EE4816000292E64 /* Frameworks */ = {
			isa = PBXFrameworksBuildPhase;
			buildActionMask = 2147483647;
			files = (
				D63CC47718C5D505E622096C /* libPods-SJDBMapProject.a in Frameworks */,
			);
			runOnlyForDeploymentPostprocessing = 0;
		};
/* End PBXFrameworksBuildPhase section */

/* Begin PBXGroup section */
		664A6870A1F77D4C7C427B56 /* Pods */ = {
			isa = PBXGroup;
			children = (
				7D3F54FF1AF829FD4A745B40 /* Pods-SJDBMapProject.debug.xcconfig */,
				B3ACECA601BBD6294C622848 /* Pods-SJDBMapProject.release.xcconfig */,
			);
			name = Pods;
			sourceTree = "<group>";
		};
		771F8F2E1EE4816000292E64 = {
			isa = PBXGroup;
			children = (
				771F8F391EE4816000292E64 /* SJDBMapProject */,
				771F8F381EE4816000292E64 /* Products */,
				664A6870A1F77D4C7C427B56 /* Pods */,
				C3373639EB3C2B6056EB0EEC /* Frameworks */,
			);
			sourceTree = "<group>";
		};
		771F8F381EE4816000292E64 /* Products */ = {
			isa = PBXGroup;
			children = (
				771F8F371EE4816000292E64 /* SJDBMapProject.app */,
			);
			name = Products;
			sourceTree = "<group>";
		};
		771F8F391EE4816000292E64 /* SJDBMapProject */ = {
			isa = PBXGroup;
			children = (
				771F8F3D1EE4816000292E64 /* AppDelegate.h */,
				771F8F3E1EE4816000292E64 /* AppDelegate.m */,
				771F8F401EE4816000292E64 /* ViewController.h */,
				771F8F411EE4816000292E64 /* ViewController.m */,
				771F8FB21EE48BF300292E64 /* SJDBMap */,
				771F8F6D1EE4819900292E64 /* Model */,
				771F8F431EE4816000292E64 /* Main.storyboard */,
				771F8F461EE4816000292E64 /* Assets.xcassets */,
				771F8F481EE4816000292E64 /* LaunchScreen.storyboard */,
				771F8F4B1EE4816000292E64 /* Info.plist */,
				771F8F3A1EE4816000292E64 /* Supporting Files */,
			);
			path = SJDBMapProject;
			sourceTree = "<group>";
		};
		771F8F3A1EE4816000292E64 /* Supporting Files */ = {
			isa = PBXGroup;
			children = (
				771F8F3B1EE4816000292E64 /* main.m */,
			);
			name = "Supporting Files";
			sourceTree = "<group>";
		};
		771F8F6D1EE4819900292E64 /* Model */ = {
			isa = PBXGroup;
			children = (
				771F8F6E1EE4819900292E64 /* Person.h */,
				771F8F6F1EE4819900292E64 /* Person.m */,
				771F8F701EE4819900292E64 /* PersonTag.h */,
				771F8F711EE4819900292E64 /* PersonTag.m */,
			);
			path = Model;
			sourceTree = "<group>";
		};
		771F8FB21EE48BF300292E64 /* SJDBMap */ = {
			isa = PBXGroup;
			children = (
				771F8FB31EE48BF300292E64 /* SJDBMap+GetInfo.h */,
				771F8FB41EE48BF300292E64 /* SJDBMap+GetInfo.m */,
				771F8FB51EE48BF300292E64 /* SJDBMap+Server.h */,
				771F8FB61EE48BF300292E64 /* SJDBMap+Server.m */,
				771F8FB71EE48BF300292E64 /* SJDBMap.h */,
				771F8FB81EE48BF300292E64 /* SJDBMap.m */,
				771F8FB91EE48BF300292E64 /* SJDBMapArrayCorrespondingKeysModel.h */,
				771F8FBA1EE48BF300292E64 /* SJDBMapArrayCorrespondingKeysModel.m */,
				771F8FBB1EE48BF300292E64 /* SJDBMapAutoincrementPrimaryKeyModel.h */,
				771F8FBC1EE48BF300292E64 /* SJDBMapAutoincrementPrimaryKeyModel.m */,
				771F8FBD1EE48BF300292E64 /* SJDBMapCorrespondingKeyModel.h */,
				771F8FBE1EE48BF300292E64 /* SJDBMapCorrespondingKeyModel.m */,
				771F8FBF1EE48BF300292E64 /* SJDBMapHeader.h */,
				771F8FC01EE48BF300292E64 /* SJDBMapPrimaryKeyModel.h */,
				771F8FC11EE48BF300292E64 /* SJDBMapPrimaryKeyModel.m */,
				771F8FC21EE48BF300292E64 /* SJDBMapUnderstandingModel.h */,
				771F8FC31EE48BF300292E64 /* SJDBMapUnderstandingModel.m */,
				771F8FC41EE48BF300292E64 /* SJDBMapUseProtocol.h */,
			);
			path = SJDBMap;
			sourceTree = "<group>";
		};
		C3373639EB3C2B6056EB0EEC /* Frameworks */ = {
			isa = PBXGroup;
			children = (
				B29445EA7D27D632FB4CE57D /* libPods-SJDBMapProject.a */,
			);
			name = Frameworks;
			sourceTree = "<group>";
		};
/* End PBXGroup section */

/* Begin PBXNativeTarget section */
		771F8F361EE4816000292E64 /* SJDBMapProject */ = {
			isa = PBXNativeTarget;
			buildConfigurationList = 771F8F4E1EE4816000292E64 /* Build configuration list for PBXNativeTarget "SJDBMapProject" */;
			buildPhases = (
				E5F7CEC5A1A20D2F07BAFF32 /* [CP] Check Pods Manifest.lock */,
				771F8F331EE4816000292E64 /* Sources */,
				771F8F341EE4816000292E64 /* Frameworks */,
				771F8F351EE4816000292E64 /* Resources */,
				35DF17464B7D8222AD52D222 /* [CP] Embed Pods Frameworks */,
				B76BAED05D31B07C9EE06888 /* [CP] Copy Pods Resources */,
			);
			buildRules = (
			);
			dependencies = (
			);
			name = SJDBMapProject;
			productName = SJDBMapProject;
			productReference = 771F8F371EE4816000292E64 /* SJDBMapProject.app */;
			productType = "com.apple.product-type.application";
		};
/* End PBXNativeTarget section */

/* Begin PBXProject section */
		771F8F2F1EE4816000292E64 /* Project object */ = {
			isa = PBXProject;
			attributes = {
				LastUpgradeCheck = 0830;
				ORGANIZATIONNAME = SanJiang;
				TargetAttributes = {
					771F8F361EE4816000292E64 = {
						CreatedOnToolsVersion = 8.3.2;
						ProvisioningStyle = Automatic;
					};
				};
			};
			buildConfigurationList = 771F8F321EE4816000292E64 /* Build configuration list for PBXProject "SJDBMapProject" */;
			compatibilityVersion = "Xcode 3.2";
			developmentRegion = English;
			hasScannedForEncodings = 0;
			knownRegions = (
				en,
				Base,
			);
			mainGroup = 771F8F2E1EE4816000292E64;
			productRefGroup = 771F8F381EE4816000292E64 /* Products */;
			projectDirPath = "";
			projectRoot = "";
			targets = (
				771F8F361EE4816000292E64 /* SJDBMapProject */,
			);
		};
/* End PBXProject section */

/* Begin PBXResourcesBuildPhase section */
		771F8F351EE4816000292E64 /* Resources */ = {
			isa = PBXResourcesBuildPhase;
			buildActionMask = 2147483647;
			files = (
				771F8F4A1EE4816000292E64 /* LaunchScreen.storyboard in Resources */,
				771F8F471EE4816000292E64 /* Assets.xcassets in Resources */,
				771F8F451EE4816000292E64 /* Main.storyboard in Resources */,
			);
			runOnlyForDeploymentPostprocessing = 0;
		};
/* End PBXResourcesBuildPhase section */

/* Begin PBXShellScriptBuildPhase section */
		35DF17464B7D8222AD52D222 /* [CP] Embed Pods Frameworks */ = {
			isa = PBXShellScriptBuildPhase;
			buildActionMask = 2147483647;
			files = (
			);
			inputPaths = (
			);
			name = "[CP] Embed Pods Frameworks";
			outputPaths = (
			);
			runOnlyForDeploymentPostprocessing = 0;
			shellPath = /bin/sh;
			shellScript = "\"${SRCROOT}/Pods/Target Support Files/Pods-SJDBMapProject/Pods-SJDBMapProject-frameworks.sh\"\n";
			showEnvVarsInLog = 0;
		};
		B76BAED05D31B07C9EE06888 /* [CP] Copy Pods Resources */ = {
			isa = PBXShellScriptBuildPhase;
			buildActionMask = 2147483647;
			files = (
			);
			inputPaths = (
			);
			name = "[CP] Copy Pods Resources";
			outputPaths = (
			);
			runOnlyForDeploymentPostprocessing = 0;
			shellPath = /bin/sh;
			shellScript = "\"${SRCROOT}/Pods/Target Support Files/Pods-SJDBMapProject/Pods-SJDBMapProject-resources.sh\"\n";
			showEnvVarsInLog = 0;
		};
		E5F7CEC5A1A20D2F07BAFF32 /* [CP] Check Pods Manifest.lock */ = {
			isa = PBXShellScriptBuildPhase;
			buildActionMask = 2147483647;
			files = (
			);
			inputPaths = (
			);
			name = "[CP] Check Pods Manifest.lock";
			outputPaths = (
			);
			runOnlyForDeploymentPostprocessing = 0;
			shellPath = /bin/sh;
			shellScript = "diff \"${PODS_ROOT}/../Podfile.lock\" \"${PODS_ROOT}/Manifest.lock\" > /dev/null\nif [ $? != 0 ] ; then\n    # print error to STDERR\n    echo \"error: The sandbox is not in sync with the Podfile.lock. Run 'pod install' or update your CocoaPods installation.\" >&2\n    exit 1\nfi\n";
			showEnvVarsInLog = 0;
		};
/* End PBXShellScriptBuildPhase section */

/* Begin PBXSourcesBuildPhase section */
		771F8F331EE4816000292E64 /* Sources */ = {
			isa = PBXSourcesBuildPhase;
			buildActionMask = 2147483647;
			files = (
				771F8FC51EE48BF300292E64 /* SJDBMap+GetInfo.m in Sources */,
				771F8FC61EE48BF300292E64 /* SJDBMap+Server.m in Sources */,
				771F8F421EE4816000292E64 /* ViewController.m in Sources */,
				771F8FCC1EE48BF300292E64 /* SJDBMapUnderstandingModel.m in Sources */,
				771F8F3F1EE4816000292E64 /* AppDelegate.m in Sources */,
				771F8F721EE4819900292E64 /* Person.m in Sources */,
				771F8FC71EE48BF300292E64 /* SJDBMap.m in Sources */,
				771F8FCB1EE48BF300292E64 /* SJDBMapPrimaryKeyModel.m in Sources */,
				771F8FCA1EE48BF300292E64 /* SJDBMapCorrespondingKeyModel.m in Sources */,
				771F8F3C1EE4816000292E64 /* main.m in Sources */,
				771F8FC91EE48BF300292E64 /* SJDBMapAutoincrementPrimaryKeyModel.m in Sources */,
				771F8FC81EE48BF300292E64 /* SJDBMapArrayCorrespondingKeysModel.m in Sources */,
				771F8F731EE4819900292E64 /* PersonTag.m in Sources */,
			);
			runOnlyForDeploymentPostprocessing = 0;
		};
/* End PBXSourcesBuildPhase section */

/* Begin PBXVariantGroup section */
		771F8F431EE4816000292E64 /* Main.storyboard */ = {
			isa = PBXVariantGroup;
			children = (
				771F8F441EE4816000292E64 /* Base */,
			);
			name = Main.storyboard;
			sourceTree = "<group>";
		};
		771F8F481EE4816000292E64 /* LaunchScreen.storyboard */ = {
			isa = PBXVariantGroup;
			children = (
				771F8F491EE4816000292E64 /* Base */,
			);
			name = LaunchScreen.storyboard;
			sourceTree = "<group>";
		};
/* End PBXVariantGroup section */

/* Begin XCBuildConfiguration section */
		771F8F4C1EE4816000292E64 /* Debug */ = {
			isa = XCBuildConfiguration;
			buildSettings = {
				ALWAYS_SEARCH_USER_PATHS = NO;
				CLANG_ANALYZER_NONNULL = YES;
				CLANG_ANALYZER_NUMBER_OBJECT_CONVERSION = YES_AGGRESSIVE;
				CLANG_CXX_LANGUAGE_STANDARD = "gnu++0x";
				CLANG_CXX_LIBRARY = "libc++";
				CLANG_ENABLE_MODULES = YES;
				CLANG_ENABLE_OBJC_ARC = YES;
				CLANG_WARN_BOOL_CONVERSION = YES;
				CLANG_WARN_CONSTANT_CONVERSION = YES;
				CLANG_WARN_DIRECT_OBJC_ISA_USAGE = YES_ERROR;
				CLANG_WARN_DOCUMENTATION_COMMENTS = YES;
				CLANG_WARN_EMPTY_BODY = YES;
				CLANG_WARN_ENUM_CONVERSION = YES;
				CLANG_WARN_INFINITE_RECURSION = YES;
				CLANG_WARN_INT_CONVERSION = YES;
				CLANG_WARN_OBJC_ROOT_CLASS = YES_ERROR;
				CLANG_WARN_SUSPICIOUS_MOVE = YES;
				CLANG_WARN_UNREACHABLE_CODE = YES;
				CLANG_WARN__DUPLICATE_METHOD_MATCH = YES;
				"CODE_SIGN_IDENTITY[sdk=iphoneos*]" = "iPhone Developer";
				COPY_PHASE_STRIP = NO;
				DEBUG_INFORMATION_FORMAT = dwarf;
				ENABLE_STRICT_OBJC_MSGSEND = YES;
				ENABLE_TESTABILITY = YES;
				GCC_C_LANGUAGE_STANDARD = gnu99;
				GCC_DYNAMIC_NO_PIC = NO;
				GCC_NO_COMMON_BLOCKS = YES;
				GCC_OPTIMIZATION_LEVEL = 0;
				GCC_PREPROCESSOR_DEFINITIONS = (
					"DEBUG=1",
					"$(inherited)",
				);
				GCC_WARN_64_TO_32_BIT_CONVERSION = YES;
				GCC_WARN_ABOUT_RETURN_TYPE = YES_ERROR;
				GCC_WARN_UNDECLARED_SELECTOR = YES;
				GCC_WARN_UNINITIALIZED_AUTOS = YES_AGGRESSIVE;
				GCC_WARN_UNUSED_FUNCTION = YES;
				GCC_WARN_UNUSED_VARIABLE = YES;
				IPHONEOS_DEPLOYMENT_TARGET = 10.3;
				MTL_ENABLE_DEBUG_INFO = YES;
				ONLY_ACTIVE_ARCH = YES;
				SDKROOT = iphoneos;
				TARGETED_DEVICE_FAMILY = "1,2";
			};
			name = Debug;
		};
		771F8F4D1EE4816000292E64 /* Release */ = {
			isa = XCBuildConfiguration;
			buildSettings = {
				ALWAYS_SEARCH_USER_PATHS = NO;
				CLANG_ANALYZER_NONNULL = YES;
				CLANG_ANALYZER_NUMBER_OBJECT_CONVERSION = YES_AGGRESSIVE;
				CLANG_CXX_LANGUAGE_STANDARD = "gnu++0x";
				CLANG_CXX_LIBRARY = "libc++";
				CLANG_ENABLE_MODULES = YES;
				CLANG_ENABLE_OBJC_ARC = YES;
				CLANG_WARN_BOOL_CONVERSION = YES;
				CLANG_WARN_CONSTANT_CONVERSION = YES;
				CLANG_WARN_DIRECT_OBJC_ISA_USAGE = YES_ERROR;
				CLANG_WARN_DOCUMENTATION_COMMENTS = YES;
				CLANG_WARN_EMPTY_BODY = YES;
				CLANG_WARN_ENUM_CONVERSION = YES;
				CLANG_WARN_INFINITE_RECURSION = YES;
				CLANG_WARN_INT_CONVERSION = YES;
				CLANG_WARN_OBJC_ROOT_CLASS = YES_ERROR;
				CLANG_WARN_SUSPICIOUS_MOVE = YES;
				CLANG_WARN_UNREACHABLE_CODE = YES;
				CLANG_WARN__DUPLICATE_METHOD_MATCH = YES;
				"CODE_SIGN_IDENTITY[sdk=iphoneos*]" = "iPhone Developer";
				COPY_PHASE_STRIP = NO;
				DEBUG_INFORMATION_FORMAT = "dwarf-with-dsym";
				ENABLE_NS_ASSERTIONS = NO;
				ENABLE_STRICT_OBJC_MSGSEND = YES;
				GCC_C_LANGUAGE_STANDARD = gnu99;
				GCC_NO_COMMON_BLOCKS = YES;
				GCC_WARN_64_TO_32_BIT_CONVERSION = YES;
				GCC_WARN_ABOUT_RETURN_TYPE = YES_ERROR;
				GCC_WARN_UNDECLARED_SELECTOR = YES;
				GCC_WARN_UNINITIALIZED_AUTOS = YES_AGGRESSIVE;
				GCC_WARN_UNUSED_FUNCTION = YES;
				GCC_WARN_UNUSED_VARIABLE = YES;
				IPHONEOS_DEPLOYMENT_TARGET = 10.3;
				MTL_ENABLE_DEBUG_INFO = NO;
				SDKROOT = iphoneos;
				TARGETED_DEVICE_FAMILY = "1,2";
				VALIDATE_PRODUCT = YES;
			};
			name = Release;
		};
		771F8F4F1EE4816000292E64 /* Debug */ = {
			isa = XCBuildConfiguration;
			baseConfigurationReference = 7D3F54FF1AF829FD4A745B40 /* Pods-SJDBMapProject.debug.xcconfig */;
			buildSettings = {
				ASSETCATALOG_COMPILER_APPICON_NAME = AppIcon;
				INFOPLIST_FILE = SJDBMapProject/Info.plist;
				LD_RUNPATH_SEARCH_PATHS = "$(inherited) @executable_path/Frameworks";
				OTHER_LDFLAGS = (
					"$(inherited)",
					"-ObjC",
					"-l\"FMDB\"",
					"-l\"sqlite3\"",
				);
				PRODUCT_BUNDLE_IDENTIFIER = com.SanJiang.SJDBMapProject;
				PRODUCT_NAME = "$(TARGET_NAME)";
			};
			name = Debug;
		};
		771F8F501EE4816000292E64 /* Release */ = {
			isa = XCBuildConfiguration;
			baseConfigurationReference = B3ACECA601BBD6294C622848 /* Pods-SJDBMapProject.release.xcconfig */;
			buildSettings = {
				ASSETCATALOG_COMPILER_APPICON_NAME = AppIcon;
				INFOPLIST_FILE = SJDBMapProject/Info.plist;
				LD_RUNPATH_SEARCH_PATHS = "$(inherited) @executable_path/Frameworks";
				OTHER_LDFLAGS = (
					"$(inherited)",
					"-ObjC",
					"-l\"FMDB\"",
					"-l\"sqlite3\"",
				);
				PRODUCT_BUNDLE_IDENTIFIER = com.SanJiang.SJDBMapProject;
				PRODUCT_NAME = "$(TARGET_NAME)";
			};
			name = Release;
		};
/* End XCBuildConfiguration section */

/* Begin XCConfigurationList section */
		771F8F321EE4816000292E64 /* Build configuration list for PBXProject "SJDBMapProject" */ = {
			isa = XCConfigurationList;
			buildConfigurations = (
				771F8F4C1EE4816000292E64 /* Debug */,
				771F8F4D1EE4816000292E64 /* Release */,
			);
			defaultConfigurationIsVisible = 0;
			defaultConfigurationName = Release;
		};
		771F8F4E1EE4816000292E64 /* Build configuration list for PBXNativeTarget "SJDBMapProject" */ = {
			isa = XCConfigurationList;
			buildConfigurations = (
				771F8F4F1EE4816000292E64 /* Debug */,
				771F8F501EE4816000292E64 /* Release */,
			);
			defaultConfigurationIsVisible = 0;
			defaultConfigurationName = Release;
		};
/* End XCConfigurationList section */
	};
	rootObject = 771F8F2F1EE4816000292E64 /* Project object */;
}
