// !$*UTF8*$!
{
	archiveVersion = 1;
	classes = {
	};
	objectVersion = 46;
	objects = {

/* Begin PBXBuildFile section */
		0CB9FA903131C60C01B70D10 /* libPods-SJDBMapProject.a in Frameworks */ = {isa = PBXBuildFile; fileRef = 5864CCAF302670C379674E5B /* libPods-SJDBMapProject.a */; };
		771F8E701EE46FBF00292E64 /* main.m in Sources */ = {isa = PBXBuildFile; fileRef = 771F8E6F1EE46FBF00292E64 /* main.m */; };
		771F8E731EE46FBF00292E64 /* AppDelegate.m in Sources */ = {isa = PBXBuildFile; fileRef = 771F8E721EE46FBF00292E64 /* AppDelegate.m */; };
		771F8E761EE46FBF00292E64 /* ViewController.m in Sources */ = {isa = PBXBuildFile; fileRef = 771F8E751EE46FBF00292E64 /* ViewController.m */; };
		771F8E791EE46FBF00292E64 /* Main.storyboard in Resources */ = {isa = PBXBuildFile; fileRef = 771F8E771EE46FBF00292E64 /* Main.storyboard */; };
		771F8E7B1EE46FBF00292E64 /* Assets.xcassets in Resources */ = {isa = PBXBuildFile; fileRef = 771F8E7A1EE46FBF00292E64 /* Assets.xcassets */; };
		771F8E7E1EE46FBF00292E64 /* LaunchScreen.storyboard in Resources */ = {isa = PBXBuildFile; fileRef = 771F8E7C1EE46FBF00292E64 /* LaunchScreen.storyboard */; };
		771F8EC71EE4716800292E64 /* Person.m in Sources */ = {isa = PBXBuildFile; fileRef = 771F8EC41EE4716800292E64 /* Person.m */; };
		771F8EC81EE4716800292E64 /* PersonTag.m in Sources */ = {isa = PBXBuildFile; fileRef = 771F8EC61EE4716800292E64 /* PersonTag.m */; };
		771F8F871EE481B900292E64 /* SJDBMap+GetInfo.m in Sources */ = {isa = PBXBuildFile; fileRef = 771F8F761EE481B900292E64 /* SJDBMap+GetInfo.m */; };
		771F8F881EE481B900292E64 /* SJDBMap+Server.m in Sources */ = {isa = PBXBuildFile; fileRef = 771F8F781EE481B900292E64 /* SJDBMap+Server.m */; };
		771F8F891EE481B900292E64 /* SJDBMap.m in Sources */ = {isa = PBXBuildFile; fileRef = 771F8F7A1EE481B900292E64 /* SJDBMap.m */; };
		771F8F8A1EE481B900292E64 /* SJDBMapArrayCorrespondingKeysModel.m in Sources */ = {isa = PBXBuildFile; fileRef = 771F8F7C1EE481B900292E64 /* SJDBMapArrayCorrespondingKeysModel.m */; };
		771F8F8B1EE481B900292E64 /* SJDBMapAutoincrementPrimaryKeyModel.m in Sources */ = {isa = PBXBuildFile; fileRef = 771F8F7E1EE481B900292E64 /* SJDBMapAutoincrementPrimaryKeyModel.m */; };
		771F8F8C1EE481B900292E64 /* SJDBMapCorrespondingKeyModel.m in Sources */ = {isa = PBXBuildFile; fileRef = 771F8F801EE481B900292E64 /* SJDBMapCorrespondingKeyModel.m */; };
		771F8F8D1EE481B900292E64 /* SJDBMapPrimaryKeyModel.m in Sources */ = {isa = PBXBuildFile; fileRef = 771F8F831EE481B900292E64 /* SJDBMapPrimaryKeyModel.m */; };
		771F8F8E1EE481B900292E64 /* SJDBMapUnderstandingModel.m in Sources */ = {isa = PBXBuildFile; fileRef = 771F8F851EE481B900292E64 /* SJDBMapUnderstandingModel.m */; };
/* End PBXBuildFile section */

/* Begin PBXFileReference section */
		5864CCAF302670C379674E5B /* libPods-SJDBMapProject.a */ = {isa = PBXFileReference; explicitFileType = archive.ar; includeInIndex = 0; path = "libPods-SJDBMapProject.a"; sourceTree = BUILT_PRODUCTS_DIR; };
		618326B9EA92874377838962 /* Pods-SJDBMapProject.debug.xcconfig */ = {isa = PBXFileReference; includeInIndex = 1; lastKnownFileType = text.xcconfig; name = "Pods-SJDBMapProject.debug.xcconfig"; path = "Pods/Target Support Files/Pods-SJDBMapProject/Pods-SJDBMapProject.debug.xcconfig"; sourceTree = "<group>"; };
		771F8E6B1EE46FBF00292E64 /* SJDBMapProject.app */ = {isa = PBXFileReference; explicitFileType = wrapper.application; includeInIndex = 0; path = SJDBMapProject.app; sourceTree = BUILT_PRODUCTS_DIR; };
		771F8E6F1EE46FBF00292E64 /* main.m */ = {isa = PBXFileReference; lastKnownFileType = sourcecode.c.objc; path = main.m; sourceTree = "<group>"; };
		771F8E711EE46FBF00292E64 /* AppDelegate.h */ = {isa = PBXFileReference; lastKnownFileType = sourcecode.c.h; path = AppDelegate.h; sourceTree = "<group>"; };
		771F8E721EE46FBF00292E64 /* AppDelegate.m */ = {isa = PBXFileReference; lastKnownFileType = sourcecode.c.objc; path = AppDelegate.m; sourceTree = "<group>"; };
		771F8E741EE46FBF00292E64 /* ViewController.h */ = {isa = PBXFileReference; lastKnownFileType = sourcecode.c.h; path = ViewController.h; sourceTree = "<group>"; };
		771F8E751EE46FBF00292E64 /* ViewController.m */ = {isa = PBXFileReference; lastKnownFileType = sourcecode.c.objc; path = ViewController.m; sourceTree = "<group>"; };
		771F8E781EE46FBF00292E64 /* Base */ = {isa = PBXFileReference; lastKnownFileType = file.storyboard; name = Base; path = Base.lproj/Main.storyboard; sourceTree = "<group>"; };
		771F8E7A1EE46FBF00292E64 /* Assets.xcassets */ = {isa = PBXFileReference; lastKnownFileType = folder.assetcatalog; path = Assets.xcassets; sourceTree = "<group>"; };
		771F8E7D1EE46FBF00292E64 /* Base */ = {isa = PBXFileReference; lastKnownFileType = file.storyboard; name = Base; path = Base.lproj/LaunchScreen.storyboard; sourceTree = "<group>"; };
		771F8E7F1EE46FBF00292E64 /* Info.plist */ = {isa = PBXFileReference; lastKnownFileType = text.plist.xml; path = Info.plist; sourceTree = "<group>"; };
		771F8EC31EE4716800292E64 /* Person.h */ = {isa = PBXFileReference; fileEncoding = 4; lastKnownFileType = sourcecode.c.h; path = Person.h; sourceTree = "<group>"; };
		771F8EC41EE4716800292E64 /* Person.m */ = {isa = PBXFileReference; fileEncoding = 4; lastKnownFileType = sourcecode.c.objc; path = Person.m; sourceTree = "<group>"; };
		771F8EC51EE4716800292E64 /* PersonTag.h */ = {isa = PBXFileReference; fileEncoding = 4; lastKnownFileType = sourcecode.c.h; path = PersonTag.h; sourceTree = "<group>"; };
		771F8EC61EE4716800292E64 /* PersonTag.m */ = {isa = PBXFileReference; fileEncoding = 4; lastKnownFileType = sourcecode.c.objc; path = PersonTag.m; sourceTree = "<group>"; };
		771F8F001EE47E8D00292E64 /* FMDatabase.h */ = {isa = PBXFileReference; lastKnownFileType = sourcecode.c.h; path = FMDatabase.h; sourceTree = "<group>"; };
		771F8F011EE47E8D00292E64 /* FMDatabase.m */ = {isa = PBXFileReference; lastKnownFileType = sourcecode.c.objc; path = FMDatabase.m; sourceTree = "<group>"; };
		771F8F021EE47E8D00292E64 /* FMDatabaseAdditions.h */ = {isa = PBXFileReference; lastKnownFileType = sourcecode.c.h; path = FMDatabaseAdditions.h; sourceTree = "<group>"; };
		771F8F031EE47E8D00292E64 /* FMDatabaseAdditions.m */ = {isa = PBXFileReference; lastKnownFileType = sourcecode.c.objc; path = FMDatabaseAdditions.m; sourceTree = "<group>"; };
		771F8F041EE47E8D00292E64 /* FMDatabasePool.h */ = {isa = PBXFileReference; lastKnownFileType = sourcecode.c.h; path = FMDatabasePool.h; sourceTree = "<group>"; };
		771F8F051EE47E8D00292E64 /* FMDatabasePool.m */ = {isa = PBXFileReference; lastKnownFileType = sourcecode.c.objc; path = FMDatabasePool.m; sourceTree = "<group>"; };
		771F8F061EE47E8D00292E64 /* FMDatabaseQueue.h */ = {isa = PBXFileReference; lastKnownFileType = sourcecode.c.h; path = FMDatabaseQueue.h; sourceTree = "<group>"; };
		771F8F071EE47E8D00292E64 /* FMDatabaseQueue.m */ = {isa = PBXFileReference; lastKnownFileType = sourcecode.c.objc; path = FMDatabaseQueue.m; sourceTree = "<group>"; };
		771F8F081EE47E8D00292E64 /* FMDB.h */ = {isa = PBXFileReference; lastKnownFileType = sourcecode.c.h; path = FMDB.h; sourceTree = "<group>"; };
		771F8F091EE47E8D00292E64 /* FMResultSet.h */ = {isa = PBXFileReference; lastKnownFileType = sourcecode.c.h; path = FMResultSet.h; sourceTree = "<group>"; };
		771F8F0A1EE47E8D00292E64 /* FMResultSet.m */ = {isa = PBXFileReference; lastKnownFileType = sourcecode.c.objc; path = FMResultSet.m; sourceTree = "<group>"; };
		771F8F751EE481B900292E64 /* SJDBMap+GetInfo.h */ = {isa = PBXFileReference; fileEncoding = 4; lastKnownFileType = sourcecode.c.h; path = "SJDBMap+GetInfo.h"; sourceTree = "<group>"; };
		771F8F761EE481B900292E64 /* SJDBMap+GetInfo.m */ = {isa = PBXFileReference; fileEncoding = 4; lastKnownFileType = sourcecode.c.objc; path = "SJDBMap+GetInfo.m"; sourceTree = "<group>"; };
		771F8F771EE481B900292E64 /* SJDBMap+Server.h */ = {isa = PBXFileReference; fileEncoding = 4; lastKnownFileType = sourcecode.c.h; path = "SJDBMap+Server.h"; sourceTree = "<group>"; };
		771F8F781EE481B900292E64 /* SJDBMap+Server.m */ = {isa = PBXFileReference; fileEncoding = 4; lastKnownFileType = sourcecode.c.objc; path = "SJDBMap+Server.m"; sourceTree = "<group>"; };
		771F8F791EE481B900292E64 /* SJDBMap.h */ = {isa = PBXFileReference; fileEncoding = 4; lastKnownFileType = sourcecode.c.h; path = SJDBMap.h; sourceTree = "<group>"; };
		771F8F7A1EE481B900292E64 /* SJDBMap.m */ = {isa = PBXFileReference; fileEncoding = 4; lastKnownFileType = sourcecode.c.objc; path = SJDBMap.m; sourceTree = "<group>"; };
		771F8F7B1EE481B900292E64 /* SJDBMapArrayCorrespondingKeysModel.h */ = {isa = PBXFileReference; fileEncoding = 4; lastKnownFileType = sourcecode.c.h; path = SJDBMapArrayCorrespondingKeysModel.h; sourceTree = "<group>"; };
		771F8F7C1EE481B900292E64 /* SJDBMapArrayCorrespondingKeysModel.m */ = {isa = PBXFileReference; fileEncoding = 4; lastKnownFileType = sourcecode.c.objc; path = SJDBMapArrayCorrespondingKeysModel.m; sourceTree = "<group>"; };
		771F8F7D1EE481B900292E64 /* SJDBMapAutoincrementPrimaryKeyModel.h */ = {isa = PBXFileReference; fileEncoding = 4; lastKnownFileType = sourcecode.c.h; path = SJDBMapAutoincrementPrimaryKeyModel.h; sourceTree = "<group>"; };
		771F8F7E1EE481B900292E64 /* SJDBMapAutoincrementPrimaryKeyModel.m */ = {isa = PBXFileReference; fileEncoding = 4; lastKnownFileType = sourcecode.c.objc; path = SJDBMapAutoincrementPrimaryKeyModel.m; sourceTree = "<group>"; };
		771F8F7F1EE481B900292E64 /* SJDBMapCorrespondingKeyModel.h */ = {isa = PBXFileReference; fileEncoding = 4; lastKnownFileType = sourcecode.c.h; path = SJDBMapCorrespondingKeyModel.h; sourceTree = "<group>"; };
		771F8F801EE481B900292E64 /* SJDBMapCorrespondingKeyModel.m */ = {isa = PBXFileReference; fileEncoding = 4; lastKnownFileType = sourcecode.c.objc; path = SJDBMapCorrespondingKeyModel.m; sourceTree = "<group>"; };
		771F8F811EE481B900292E64 /* SJDBMapHeader.h */ = {isa = PBXFileReference; fileEncoding = 4; lastKnownFileType = sourcecode.c.h; path = SJDBMapHeader.h; sourceTree = "<group>"; };
		771F8F821EE481B900292E64 /* SJDBMapPrimaryKeyModel.h */ = {isa = PBXFileReference; fileEncoding = 4; lastKnownFileType = sourcecode.c.h; path = SJDBMapPrimaryKeyModel.h; sourceTree = "<group>"; };
		771F8F831EE481B900292E64 /* SJDBMapPrimaryKeyModel.m */ = {isa = PBXFileReference; fileEncoding = 4; lastKnownFileType = sourcecode.c.objc; path = SJDBMapPrimaryKeyModel.m; sourceTree = "<group>"; };
		771F8F841EE481B900292E64 /* SJDBMapUnderstandingModel.h */ = {isa = PBXFileReference; fileEncoding = 4; lastKnownFileType = sourcecode.c.h; path = SJDBMapUnderstandingModel.h; sourceTree = "<group>"; };
		771F8F851EE481B900292E64 /* SJDBMapUnderstandingModel.m */ = {isa = PBXFileReference; fileEncoding = 4; lastKnownFileType = sourcecode.c.objc; path = SJDBMapUnderstandingModel.m; sourceTree = "<group>"; };
		771F8F861EE481B900292E64 /* SJDBMapUseProtocol.h */ = {isa = PBXFileReference; fileEncoding = 4; lastKnownFileType = sourcecode.c.h; path = SJDBMapUseProtocol.h; sourceTree = "<group>"; };
		9A7719847B95C2C43DD3E96B /* Pods-SJDBMapProject.release.xcconfig */ = {isa = PBXFileReference; includeInIndex = 1; lastKnownFileType = text.xcconfig; name = "Pods-SJDBMapProject.release.xcconfig"; path = "Pods/Target Support Files/Pods-SJDBMapProject/Pods-SJDBMapProject.release.xcconfig"; sourceTree = "<group>"; };
/* End PBXFileReference section */

/* Begin PBXFrameworksBuildPhase section */
		771F8E681EE46FBF00292E64 /* Frameworks */ = {
			isa = PBXFrameworksBuildPhase;
			buildActionMask = 2147483647;
			files = (
				0CB9FA903131C60C01B70D10 /* libPods-SJDBMapProject.a in Frameworks */,
			);
			runOnlyForDeploymentPostprocessing = 0;
		};
/* End PBXFrameworksBuildPhase section */

/* Begin PBXGroup section */
		12D86F190E173303E31E8C1C /* Pods */ = {
			isa = PBXGroup;
			children = (
				618326B9EA92874377838962 /* Pods-SJDBMapProject.debug.xcconfig */,
				9A7719847B95C2C43DD3E96B /* Pods-SJDBMapProject.release.xcconfig */,
			);
			name = Pods;
			sourceTree = "<group>";
		};
		771F8E621EE46FBF00292E64 = {
			isa = PBXGroup;
			children = (
				771F8E6D1EE46FBF00292E64 /* SJDBMapProject */,
				771F8E6C1EE46FBF00292E64 /* Products */,
				12D86F190E173303E31E8C1C /* Pods */,
				AC663B2B0DDAB325C5E70292 /* Frameworks */,
			);
			sourceTree = "<group>";
		};
		771F8E6C1EE46FBF00292E64 /* Products */ = {
			isa = PBXGroup;
			children = (
				771F8E6B1EE46FBF00292E64 /* SJDBMapProject.app */,
			);
			name = Products;
			sourceTree = "<group>";
		};
		771F8E6D1EE46FBF00292E64 /* SJDBMapProject */ = {
			isa = PBXGroup;
			children = (
				771F8E711EE46FBF00292E64 /* AppDelegate.h */,
				771F8E721EE46FBF00292E64 /* AppDelegate.m */,
				771F8E741EE46FBF00292E64 /* ViewController.h */,
				771F8E751EE46FBF00292E64 /* ViewController.m */,
				771F8F741EE481B900292E64 /* SJDBMap */,
				771F8EC21EE4716800292E64 /* Model */,
				771F8E771EE46FBF00292E64 /* Main.storyboard */,
				771F8E7A1EE46FBF00292E64 /* Assets.xcassets */,
				771F8E7C1EE46FBF00292E64 /* LaunchScreen.storyboard */,
				771F8E7F1EE46FBF00292E64 /* Info.plist */,
				771F8E6E1EE46FBF00292E64 /* Supporting Files */,
			);
			path = SJDBMapProject;
			sourceTree = "<group>";
		};
		771F8E6E1EE46FBF00292E64 /* Supporting Files */ = {
			isa = PBXGroup;
			children = (
				771F8E6F1EE46FBF00292E64 /* main.m */,
			);
			name = "Supporting Files";
			sourceTree = "<group>";
		};
		771F8EC21EE4716800292E64 /* Model */ = {
			isa = PBXGroup;
			children = (
				771F8EC31EE4716800292E64 /* Person.h */,
				771F8EC41EE4716800292E64 /* Person.m */,
				771F8EC51EE4716800292E64 /* PersonTag.h */,
				771F8EC61EE4716800292E64 /* PersonTag.m */,
			);
			path = Model;
			sourceTree = "<group>";
		};
		771F8EFF1EE47E8D00292E64 /* fmdb */ = {
			isa = PBXGroup;
			children = (
				771F8F001EE47E8D00292E64 /* FMDatabase.h */,
				771F8F011EE47E8D00292E64 /* FMDatabase.m */,
				771F8F021EE47E8D00292E64 /* FMDatabaseAdditions.h */,
				771F8F031EE47E8D00292E64 /* FMDatabaseAdditions.m */,
				771F8F041EE47E8D00292E64 /* FMDatabasePool.h */,
				771F8F051EE47E8D00292E64 /* FMDatabasePool.m */,
				771F8F061EE47E8D00292E64 /* FMDatabaseQueue.h */,
				771F8F071EE47E8D00292E64 /* FMDatabaseQueue.m */,
				771F8F081EE47E8D00292E64 /* FMDB.h */,
				771F8F091EE47E8D00292E64 /* FMResultSet.h */,
				771F8F0A1EE47E8D00292E64 /* FMResultSet.m */,
			);
			name = fmdb;
			path = Pods/FMDB/src/fmdb;
			sourceTree = "<group>";
		};
		771F8F741EE481B900292E64 /* SJDBMap */ = {
			isa = PBXGroup;
			children = (
				771F8F751EE481B900292E64 /* SJDBMap+GetInfo.h */,
				771F8F761EE481B900292E64 /* SJDBMap+GetInfo.m */,
				771F8F771EE481B900292E64 /* SJDBMap+Server.h */,
				771F8F781EE481B900292E64 /* SJDBMap+Server.m */,
				771F8F791EE481B900292E64 /* SJDBMap.h */,
				771F8F7A1EE481B900292E64 /* SJDBMap.m */,
				771F8F7B1EE481B900292E64 /* SJDBMapArrayCorrespondingKeysModel.h */,
				771F8F7C1EE481B900292E64 /* SJDBMapArrayCorrespondingKeysModel.m */,
				771F8F7D1EE481B900292E64 /* SJDBMapAutoincrementPrimaryKeyModel.h */,
				771F8F7E1EE481B900292E64 /* SJDBMapAutoincrementPrimaryKeyModel.m */,
				771F8F7F1EE481B900292E64 /* SJDBMapCorrespondingKeyModel.h */,
				771F8F801EE481B900292E64 /* SJDBMapCorrespondingKeyModel.m */,
				771F8F811EE481B900292E64 /* SJDBMapHeader.h */,
				771F8F821EE481B900292E64 /* SJDBMapPrimaryKeyModel.h */,
				771F8F831EE481B900292E64 /* SJDBMapPrimaryKeyModel.m */,
				771F8F841EE481B900292E64 /* SJDBMapUnderstandingModel.h */,
				771F8F851EE481B900292E64 /* SJDBMapUnderstandingModel.m */,
				771F8F861EE481B900292E64 /* SJDBMapUseProtocol.h */,
			);
			path = SJDBMap;
			sourceTree = "<group>";
		};
		AC663B2B0DDAB325C5E70292 /* Frameworks */ = {
			isa = PBXGroup;
			children = (
				771F8EFF1EE47E8D00292E64 /* fmdb */,
				5864CCAF302670C379674E5B /* libPods-SJDBMapProject.a */,
			);
			name = Frameworks;
			sourceTree = "<group>";
		};
/* End PBXGroup section */

/* Begin PBXNativeTarget section */
		771F8E6A1EE46FBF00292E64 /* SJDBMapProject */ = {
			isa = PBXNativeTarget;
			buildConfigurationList = 771F8E821EE46FBF00292E64 /* Build configuration list for PBXNativeTarget "SJDBMapProject" */;
			buildPhases = (
				B5E7C382967A670D2B363161 /* [CP] Check Pods Manifest.lock */,
				771F8E671EE46FBF00292E64 /* Sources */,
				771F8E681EE46FBF00292E64 /* Frameworks */,
				771F8E691EE46FBF00292E64 /* Resources */,
				BBE7FD1EE73FC8344ECD7553 /* [CP] Embed Pods Frameworks */,
				D917B9BBD5B472AA96B22B55 /* [CP] Copy Pods Resources */,
			);
			buildRules = (
			);
			dependencies = (
			);
			name = SJDBMapProject;
			productName = SJDBMapProject;
			productReference = 771F8E6B1EE46FBF00292E64 /* SJDBMapProject.app */;
			productType = "com.apple.product-type.application";
		};
/* End PBXNativeTarget section */

/* Begin PBXProject section */
		771F8E631EE46FBF00292E64 /* Project object */ = {
			isa = PBXProject;
			attributes = {
				LastUpgradeCheck = 0830;
				ORGANIZATIONNAME = SanJiang;
				TargetAttributes = {
					771F8E6A1EE46FBF00292E64 = {
						CreatedOnToolsVersion = 8.3.2;
						ProvisioningStyle = Automatic;
					};
				};
			};
			buildConfigurationList = 771F8E661EE46FBF00292E64 /* Build configuration list for PBXProject "SJDBMapProject" */;
			compatibilityVersion = "Xcode 3.2";
			developmentRegion = English;
			hasScannedForEncodings = 0;
			knownRegions = (
				en,
				Base,
			);
			mainGroup = 771F8E621EE46FBF00292E64;
			productRefGroup = 771F8E6C1EE46FBF00292E64 /* Products */;
			projectDirPath = "";
			projectRoot = "";
			targets = (
				771F8E6A1EE46FBF00292E64 /* SJDBMapProject */,
			);
		};
/* End PBXProject section */

/* Begin PBXResourcesBuildPhase section */
		771F8E691EE46FBF00292E64 /* Resources */ = {
			isa = PBXResourcesBuildPhase;
			buildActionMask = 2147483647;
			files = (
				771F8E7E1EE46FBF00292E64 /* LaunchScreen.storyboard in Resources */,
				771F8E7B1EE46FBF00292E64 /* Assets.xcassets in Resources */,
				771F8E791EE46FBF00292E64 /* Main.storyboard in Resources */,
			);
			runOnlyForDeploymentPostprocessing = 0;
		};
/* End PBXResourcesBuildPhase section */

/* Begin PBXShellScriptBuildPhase section */
		B5E7C382967A670D2B363161 /* [CP] Check Pods Manifest.lock */ = {
			isa = PBXShellScriptBuildPhase;
			buildActionMask = 2147483647;
			files = (
			);
			inputPaths = (
			);
			name = "[CP] Check Pods Manifest.lock";
			outputPaths = (
			);
			runOnlyForDeploymentPostprocessing = 0;
			shellPath = /bin/sh;
			shellScript = "diff \"${PODS_ROOT}/../Podfile.lock\" \"${PODS_ROOT}/Manifest.lock\" > /dev/null\nif [ $? != 0 ] ; then\n    # print error to STDERR\n    echo \"error: The sandbox is not in sync with the Podfile.lock. Run 'pod install' or update your CocoaPods installation.\" >&2\n    exit 1\nfi\n";
			showEnvVarsInLog = 0;
		};
		BBE7FD1EE73FC8344ECD7553 /* [CP] Embed Pods Frameworks */ = {
			isa = PBXShellScriptBuildPhase;
			buildActionMask = 2147483647;
			files = (
			);
			inputPaths = (
			);
			name = "[CP] Embed Pods Frameworks";
			outputPaths = (
			);
			runOnlyForDeploymentPostprocessing = 0;
			shellPath = /bin/sh;
			shellScript = "\"${SRCROOT}/Pods/Target Support Files/Pods-SJDBMapProject/Pods-SJDBMapProject-frameworks.sh\"\n";
			showEnvVarsInLog = 0;
		};
		D917B9BBD5B472AA96B22B55 /* [CP] Copy Pods Resources */ = {
			isa = PBXShellScriptBuildPhase;
			buildActionMask = 2147483647;
			files = (
			);
			inputPaths = (
			);
			name = "[CP] Copy Pods Resources";
			outputPaths = (
			);
			runOnlyForDeploymentPostprocessing = 0;
			shellPath = /bin/sh;
			shellScript = "\"${SRCROOT}/Pods/Target Support Files/Pods-SJDBMapProject/Pods-SJDBMapProject-resources.sh\"\n";
			showEnvVarsInLog = 0;
		};
/* End PBXShellScriptBuildPhase section */

/* Begin PBXSourcesBuildPhase section */
		771F8E671EE46FBF00292E64 /* Sources */ = {
			isa = PBXSourcesBuildPhase;
			buildActionMask = 2147483647;
			files = (
				771F8F871EE481B900292E64 /* SJDBMap+GetInfo.m in Sources */,
				771F8F881EE481B900292E64 /* SJDBMap+Server.m in Sources */,
				771F8E761EE46FBF00292E64 /* ViewController.m in Sources */,
				771F8F8E1EE481B900292E64 /* SJDBMapUnderstandingModel.m in Sources */,
				771F8E731EE46FBF00292E64 /* AppDelegate.m in Sources */,
				771F8EC71EE4716800292E64 /* Person.m in Sources */,
				771F8F891EE481B900292E64 /* SJDBMap.m in Sources */,
				771F8F8D1EE481B900292E64 /* SJDBMapPrimaryKeyModel.m in Sources */,
				771F8F8C1EE481B900292E64 /* SJDBMapCorrespondingKeyModel.m in Sources */,
				771F8E701EE46FBF00292E64 /* main.m in Sources */,
				771F8F8B1EE481B900292E64 /* SJDBMapAutoincrementPrimaryKeyModel.m in Sources */,
				771F8F8A1EE481B900292E64 /* SJDBMapArrayCorrespondingKeysModel.m in Sources */,
				771F8EC81EE4716800292E64 /* PersonTag.m in Sources */,
			);
			runOnlyForDeploymentPostprocessing = 0;
		};
/* End PBXSourcesBuildPhase section */

/* Begin PBXVariantGroup section */
		771F8E771EE46FBF00292E64 /* Main.storyboard */ = {
			isa = PBXVariantGroup;
			children = (
				771F8E781EE46FBF00292E64 /* Base */,
			);
			name = Main.storyboard;
			sourceTree = "<group>";
		};
		771F8E7C1EE46FBF00292E64 /* LaunchScreen.storyboard */ = {
			isa = PBXVariantGroup;
			children = (
				771F8E7D1EE46FBF00292E64 /* Base */,
			);
			name = LaunchScreen.storyboard;
			sourceTree = "<group>";
		};
/* End PBXVariantGroup section */

/* Begin XCBuildConfiguration section */
		771F8E801EE46FBF00292E64 /* Debug */ = {
			isa = XCBuildConfiguration;
			buildSettings = {
				ALWAYS_SEARCH_USER_PATHS = NO;
				CLANG_ANALYZER_NONNULL = YES;
				CLANG_ANALYZER_NUMBER_OBJECT_CONVERSION = YES_AGGRESSIVE;
				CLANG_CXX_LANGUAGE_STANDARD = "gnu++0x";
				CLANG_CXX_LIBRARY = "libc++";
				CLANG_ENABLE_MODULES = YES;
				CLANG_ENABLE_OBJC_ARC = YES;
				CLANG_WARN_BOOL_CONVERSION = YES;
				CLANG_WARN_CONSTANT_CONVERSION = YES;
				CLANG_WARN_DIRECT_OBJC_ISA_USAGE = YES_ERROR;
				CLANG_WARN_DOCUMENTATION_COMMENTS = YES;
				CLANG_WARN_EMPTY_BODY = YES;
				CLANG_WARN_ENUM_CONVERSION = YES;
				CLANG_WARN_INFINITE_RECURSION = YES;
				CLANG_WARN_INT_CONVERSION = YES;
				CLANG_WARN_OBJC_ROOT_CLASS = YES_ERROR;
				CLANG_WARN_SUSPICIOUS_MOVE = YES;
				CLANG_WARN_UNREACHABLE_CODE = YES;
				CLANG_WARN__DUPLICATE_METHOD_MATCH = YES;
				"CODE_SIGN_IDENTITY[sdk=iphoneos*]" = "iPhone Developer";
				COPY_PHASE_STRIP = NO;
				DEBUG_INFORMATION_FORMAT = dwarf;
				ENABLE_STRICT_OBJC_MSGSEND = YES;
				ENABLE_TESTABILITY = YES;
				GCC_C_LANGUAGE_STANDARD = gnu99;
				GCC_DYNAMIC_NO_PIC = NO;
				GCC_NO_COMMON_BLOCKS = YES;
				GCC_OPTIMIZATION_LEVEL = 0;
				GCC_PREPROCESSOR_DEFINITIONS = (
					"DEBUG=1",
					"$(inherited)",
				);
				GCC_WARN_64_TO_32_BIT_CONVERSION = YES;
				GCC_WARN_ABOUT_RETURN_TYPE = YES_ERROR;
				GCC_WARN_UNDECLARED_SELECTOR = YES;
				GCC_WARN_UNINITIALIZED_AUTOS = YES_AGGRESSIVE;
				GCC_WARN_UNUSED_FUNCTION = YES;
				GCC_WARN_UNUSED_VARIABLE = YES;
				IPHONEOS_DEPLOYMENT_TARGET = 10.3;
				MTL_ENABLE_DEBUG_INFO = YES;
				ONLY_ACTIVE_ARCH = YES;
				SDKROOT = iphoneos;
				TARGETED_DEVICE_FAMILY = "1,2";
			};
			name = Debug;
		};
		771F8E811EE46FBF00292E64 /* Release */ = {
			isa = XCBuildConfiguration;
			buildSettings = {
				ALWAYS_SEARCH_USER_PATHS = NO;
				CLANG_ANALYZER_NONNULL = YES;
				CLANG_ANALYZER_NUMBER_OBJECT_CONVERSION = YES_AGGRESSIVE;
				CLANG_CXX_LANGUAGE_STANDARD = "gnu++0x";
				CLANG_CXX_LIBRARY = "libc++";
				CLANG_ENABLE_MODULES = YES;
				CLANG_ENABLE_OBJC_ARC = YES;
				CLANG_WARN_BOOL_CONVERSION = YES;
				CLANG_WARN_CONSTANT_CONVERSION = YES;
				CLANG_WARN_DIRECT_OBJC_ISA_USAGE = YES_ERROR;
				CLANG_WARN_DOCUMENTATION_COMMENTS = YES;
				CLANG_WARN_EMPTY_BODY = YES;
				CLANG_WARN_ENUM_CONVERSION = YES;
				CLANG_WARN_INFINITE_RECURSION = YES;
				CLANG_WARN_INT_CONVERSION = YES;
				CLANG_WARN_OBJC_ROOT_CLASS = YES_ERROR;
				CLANG_WARN_SUSPICIOUS_MOVE = YES;
				CLANG_WARN_UNREACHABLE_CODE = YES;
				CLANG_WARN__DUPLICATE_METHOD_MATCH = YES;
				"CODE_SIGN_IDENTITY[sdk=iphoneos*]" = "iPhone Developer";
				COPY_PHASE_STRIP = NO;
				DEBUG_INFORMATION_FORMAT = "dwarf-with-dsym";
				ENABLE_NS_ASSERTIONS = NO;
				ENABLE_STRICT_OBJC_MSGSEND = YES;
				GCC_C_LANGUAGE_STANDARD = gnu99;
				GCC_NO_COMMON_BLOCKS = YES;
				GCC_WARN_64_TO_32_BIT_CONVERSION = YES;
				GCC_WARN_ABOUT_RETURN_TYPE = YES_ERROR;
				GCC_WARN_UNDECLARED_SELECTOR = YES;
				GCC_WARN_UNINITIALIZED_AUTOS = YES_AGGRESSIVE;
				GCC_WARN_UNUSED_FUNCTION = YES;
				GCC_WARN_UNUSED_VARIABLE = YES;
				IPHONEOS_DEPLOYMENT_TARGET = 10.3;
				MTL_ENABLE_DEBUG_INFO = NO;
				SDKROOT = iphoneos;
				TARGETED_DEVICE_FAMILY = "1,2";
				VALIDATE_PRODUCT = YES;
			};
			name = Release;
		};
		771F8E831EE46FBF00292E64 /* Debug */ = {
			isa = XCBuildConfiguration;
			baseConfigurationReference = 618326B9EA92874377838962 /* Pods-SJDBMapProject.debug.xcconfig */;
			buildSettings = {
				ASSETCATALOG_COMPILER_APPICON_NAME = AppIcon;
				HEADER_SEARCH_PATHS = (
					"$(inherited)",
					"\"${PODS_ROOT}/Headers/Public\"",
					"\"${PODS_ROOT}/Headers/Public/FMDB\"",
					"\"$(SRCROOT)/Pods/FMDB/src/fmdb/FMDB.h\"",
				);
				INFOPLIST_FILE = SJDBMapProject/Info.plist;
				LD_RUNPATH_SEARCH_PATHS = "$(inherited) @executable_path/Frameworks";
				PRODUCT_BUNDLE_IDENTIFIER = com.SanJiang.SJDBMapProject;
				PRODUCT_NAME = "$(TARGET_NAME)";
				SYSTEM_HEADER_SEARCH_PATHS = "";
			};
			name = Debug;
		};
		771F8E841EE46FBF00292E64 /* Release */ = {
			isa = XCBuildConfiguration;
			baseConfigurationReference = 9A7719847B95C2C43DD3E96B /* Pods-SJDBMapProject.release.xcconfig */;
			buildSettings = {
				ASSETCATALOG_COMPILER_APPICON_NAME = AppIcon;
				HEADER_SEARCH_PATHS = (
					"$(inherited)",
					"\"${PODS_ROOT}/Headers/Public\"",
					"\"${PODS_ROOT}/Headers/Public/FMDB\"",
					"\"$(SRCROOT)/Pods/FMDB/src/fmdb/FMDB.h\"",
				);
				INFOPLIST_FILE = SJDBMapProject/Info.plist;
				LD_RUNPATH_SEARCH_PATHS = "$(inherited) @executable_path/Frameworks";
				PRODUCT_BUNDLE_IDENTIFIER = com.SanJiang.SJDBMapProject;
				PRODUCT_NAME = "$(TARGET_NAME)";
				SYSTEM_HEADER_SEARCH_PATHS = "";
			};
			name = Release;
		};
/* End XCBuildConfiguration section */

/* Begin XCConfigurationList section */
		771F8E661EE46FBF00292E64 /* Build configuration list for PBXProject "SJDBMapProject" */ = {
			isa = XCConfigurationList;
			buildConfigurations = (
				771F8E801EE46FBF00292E64 /* Debug */,
				771F8E811EE46FBF00292E64 /* Release */,
			);
			defaultConfigurationIsVisible = 0;
			defaultConfigurationName = Release;
		};
		771F8E821EE46FBF00292E64 /* Build configuration list for PBXNativeTarget "SJDBMapProject" */ = {
			isa = XCConfigurationList;
			buildConfigurations = (
				771F8E831EE46FBF00292E64 /* Debug */,
				771F8E841EE46FBF00292E64 /* Release */,
			);
			defaultConfigurationIsVisible = 0;
			defaultConfigurationName = Release;
		};
/* End XCConfigurationList section */
	};
	rootObject = 771F8E631EE46FBF00292E64 /* Project object */;
}
