// !$*UTF8*$!
{
	archiveVersion = 1;
	classes = {
	};
	objectVersion = 46;
	objects = {

/* Begin PBXBuildFile section */
		1A7C21FAEDA989DF63569DE4 /* libPods-SJDBMapProject.a in Frameworks */ = {isa = PBXBuildFile; fileRef = 0D2DAC9C94365CD0165361DA /* libPods-SJDBMapProject.a */; };
		7732A9981EE983D30037A195 /* Goods.m in Sources */ = {isa = PBXBuildFile; fileRef = 7732A9971EE983D30037A195 /* Goods.m */; };
		7745B21D1EE5D39B00EC4614 /* main.m in Sources */ = {isa = PBXBuildFile; fileRef = 7745B21C1EE5D39B00EC4614 /* main.m */; };
		7745B2201EE5D39B00EC4614 /* AppDelegate.m in Sources */ = {isa = PBXBuildFile; fileRef = 7745B21F1EE5D39B00EC4614 /* AppDelegate.m */; };
		7745B2231EE5D39B00EC4614 /* ViewController.m in Sources */ = {isa = PBXBuildFile; fileRef = 7745B2221EE5D39B00EC4614 /* ViewController.m */; };
		7745B2261EE5D39B00EC4614 /* Main.storyboard in Resources */ = {isa = PBXBuildFile; fileRef = 7745B2241EE5D39B00EC4614 /* Main.storyboard */; };
		7745B2281EE5D39B00EC4614 /* Assets.xcassets in Resources */ = {isa = PBXBuildFile; fileRef = 7745B2271EE5D39B00EC4614 /* Assets.xcassets */; };
		7745B22B1EE5D39B00EC4614 /* LaunchScreen.storyboard in Resources */ = {isa = PBXBuildFile; fileRef = 7745B2291EE5D39B00EC4614 /* LaunchScreen.storyboard */; };
		7745B24C1EE5D3A700EC4614 /* Book.m in Sources */ = {isa = PBXBuildFile; fileRef = 7745B2341EE5D3A700EC4614 /* Book.m */; };
		7745B24D1EE5D3A700EC4614 /* Person.m in Sources */ = {isa = PBXBuildFile; fileRef = 7745B2361EE5D3A700EC4614 /* Person.m */; };
		7745B24E1EE5D3A700EC4614 /* PersonTag.m in Sources */ = {isa = PBXBuildFile; fileRef = 7745B2381EE5D3A700EC4614 /* PersonTag.m */; };
		7745B25A1EE5D3C500EC4614 /* libsqlite3.tbd in Frameworks */ = {isa = PBXBuildFile; fileRef = 7745B2581EE5D3BC00EC4614 /* libsqlite3.tbd */; };
		7745B28B1EE5DD4900EC4614 /* SJDatabaseMap.m in Sources */ = {isa = PBXBuildFile; fileRef = 7745B27C1EE5DD4900EC4614 /* SJDatabaseMap.m */; };
		7745B28C1EE5DD4900EC4614 /* SJDBMapArrayCorrespondingKeysModel.m in Sources */ = {isa = PBXBuildFile; fileRef = 7745B27E1EE5DD4900EC4614 /* SJDBMapArrayCorrespondingKeysModel.m */; };
		7745B28D1EE5DD4900EC4614 /* SJDBMapAutoincrementPrimaryKeyModel.m in Sources */ = {isa = PBXBuildFile; fileRef = 7745B2801EE5DD4900EC4614 /* SJDBMapAutoincrementPrimaryKeyModel.m */; };
		7745B28E1EE5DD4900EC4614 /* SJDBMapCorrespondingKeyModel.m in Sources */ = {isa = PBXBuildFile; fileRef = 7745B2821EE5DD4900EC4614 /* SJDBMapCorrespondingKeyModel.m */; };
		7745B28F1EE5DD4900EC4614 /* SJDBMapPrimaryKeyModel.m in Sources */ = {isa = PBXBuildFile; fileRef = 7745B2851EE5DD4900EC4614 /* SJDBMapPrimaryKeyModel.m */; };
		7745B2901EE5DD4900EC4614 /* SJDBMapUnderstandingModel.m in Sources */ = {isa = PBXBuildFile; fileRef = 7745B2871EE5DD4900EC4614 /* SJDBMapUnderstandingModel.m */; };
		77EAE40F1EE5EC3800E21057 /* SJDatabaseMap+GetInfo.m in Sources */ = {isa = PBXBuildFile; fileRef = 77EAE40E1EE5EC3800E21057 /* SJDatabaseMap+GetInfo.m */; };
		77EAE4121EE5EC3F00E21057 /* SJDatabaseMap+Server.m in Sources */ = {isa = PBXBuildFile; fileRef = 77EAE4111EE5EC3F00E21057 /* SJDatabaseMap+Server.m */; };
/* End PBXBuildFile section */

/* Begin PBXFileReference section */
		0D2DAC9C94365CD0165361DA /* libPods-SJDBMapProject.a */ = {isa = PBXFileReference; explicitFileType = archive.ar; includeInIndex = 0; path = "libPods-SJDBMapProject.a"; sourceTree = BUILT_PRODUCTS_DIR; };
		6BDF88F9711C9429F86150C3 /* Pods-SJDBMapProject.release.xcconfig */ = {isa = PBXFileReference; includeInIndex = 1; lastKnownFileType = text.xcconfig; name = "Pods-SJDBMapProject.release.xcconfig"; path = "Pods/Target Support Files/Pods-SJDBMapProject/Pods-SJDBMapProject.release.xcconfig"; sourceTree = "<group>"; };
		7732A9961EE983D30037A195 /* Goods.h */ = {isa = PBXFileReference; fileEncoding = 4; lastKnownFileType = sourcecode.c.h; path = Goods.h; sourceTree = "<group>"; };
		7732A9971EE983D30037A195 /* Goods.m */ = {isa = PBXFileReference; fileEncoding = 4; lastKnownFileType = sourcecode.c.objc; path = Goods.m; sourceTree = "<group>"; };
		7745B2181EE5D39B00EC4614 /* SJDBMapProject.app */ = {isa = PBXFileReference; explicitFileType = wrapper.application; includeInIndex = 0; path = SJDBMapProject.app; sourceTree = BUILT_PRODUCTS_DIR; };
		7745B21C1EE5D39B00EC4614 /* main.m */ = {isa = PBXFileReference; lastKnownFileType = sourcecode.c.objc; path = main.m; sourceTree = "<group>"; };
		7745B21E1EE5D39B00EC4614 /* AppDelegate.h */ = {isa = PBXFileReference; lastKnownFileType = sourcecode.c.h; path = AppDelegate.h; sourceTree = "<group>"; };
		7745B21F1EE5D39B00EC4614 /* AppDelegate.m */ = {isa = PBXFileReference; lastKnownFileType = sourcecode.c.objc; path = AppDelegate.m; sourceTree = "<group>"; };
		7745B2211EE5D39B00EC4614 /* ViewController.h */ = {isa = PBXFileReference; lastKnownFileType = sourcecode.c.h; path = ViewController.h; sourceTree = "<group>"; };
		7745B2221EE5D39B00EC4614 /* ViewController.m */ = {isa = PBXFileReference; lastKnownFileType = sourcecode.c.objc; path = ViewController.m; sourceTree = "<group>"; };
		7745B2251EE5D39B00EC4614 /* Base */ = {isa = PBXFileReference; lastKnownFileType = file.storyboard; name = Base; path = Base.lproj/Main.storyboard; sourceTree = "<group>"; };
		7745B2271EE5D39B00EC4614 /* Assets.xcassets */ = {isa = PBXFileReference; lastKnownFileType = folder.assetcatalog; path = Assets.xcassets; sourceTree = "<group>"; };
		7745B22A1EE5D39B00EC4614 /* Base */ = {isa = PBXFileReference; lastKnownFileType = file.storyboard; name = Base; path = Base.lproj/LaunchScreen.storyboard; sourceTree = "<group>"; };
		7745B22C1EE5D39B00EC4614 /* Info.plist */ = {isa = PBXFileReference; lastKnownFileType = text.plist.xml; path = Info.plist; sourceTree = "<group>"; };
		7745B2331EE5D3A700EC4614 /* Book.h */ = {isa = PBXFileReference; fileEncoding = 4; lastKnownFileType = sourcecode.c.h; path = Book.h; sourceTree = "<group>"; };
		7745B2341EE5D3A700EC4614 /* Book.m */ = {isa = PBXFileReference; fileEncoding = 4; lastKnownFileType = sourcecode.c.objc; path = Book.m; sourceTree = "<group>"; };
		7745B2351EE5D3A700EC4614 /* Person.h */ = {isa = PBXFileReference; fileEncoding = 4; lastKnownFileType = sourcecode.c.h; path = Person.h; sourceTree = "<group>"; };
		7745B2361EE5D3A700EC4614 /* Person.m */ = {isa = PBXFileReference; fileEncoding = 4; lastKnownFileType = sourcecode.c.objc; path = Person.m; sourceTree = "<group>"; };
		7745B2371EE5D3A700EC4614 /* PersonTag.h */ = {isa = PBXFileReference; fileEncoding = 4; lastKnownFileType = sourcecode.c.h; path = PersonTag.h; sourceTree = "<group>"; };
		7745B2381EE5D3A700EC4614 /* PersonTag.m */ = {isa = PBXFileReference; fileEncoding = 4; lastKnownFileType = sourcecode.c.objc; path = PersonTag.m; sourceTree = "<group>"; };
		7745B2581EE5D3BC00EC4614 /* libsqlite3.tbd */ = {isa = PBXFileReference; lastKnownFileType = "sourcecode.text-based-dylib-definition"; name = libsqlite3.tbd; path = usr/lib/libsqlite3.tbd; sourceTree = SDKROOT; };
		7745B27B1EE5DD4900EC4614 /* SJDatabaseMap.h */ = {isa = PBXFileReference; fileEncoding = 4; lastKnownFileType = sourcecode.c.h; path = SJDatabaseMap.h; sourceTree = "<group>"; };
		7745B27C1EE5DD4900EC4614 /* SJDatabaseMap.m */ = {isa = PBXFileReference; fileEncoding = 4; lastKnownFileType = sourcecode.c.objc; path = SJDatabaseMap.m; sourceTree = "<group>"; };
		7745B27D1EE5DD4900EC4614 /* SJDBMapArrayCorrespondingKeysModel.h */ = {isa = PBXFileReference; fileEncoding = 4; lastKnownFileType = sourcecode.c.h; path = SJDBMapArrayCorrespondingKeysModel.h; sourceTree = "<group>"; };
		7745B27E1EE5DD4900EC4614 /* SJDBMapArrayCorrespondingKeysModel.m */ = {isa = PBXFileReference; fileEncoding = 4; lastKnownFileType = sourcecode.c.objc; path = SJDBMapArrayCorrespondingKeysModel.m; sourceTree = "<group>"; };
		7745B27F1EE5DD4900EC4614 /* SJDBMapAutoincrementPrimaryKeyModel.h */ = {isa = PBXFileReference; fileEncoding = 4; lastKnownFileType = sourcecode.c.h; path = SJDBMapAutoincrementPrimaryKeyModel.h; sourceTree = "<group>"; };
		7745B2801EE5DD4900EC4614 /* SJDBMapAutoincrementPrimaryKeyModel.m */ = {isa = PBXFileReference; fileEncoding = 4; lastKnownFileType = sourcecode.c.objc; path = SJDBMapAutoincrementPrimaryKeyModel.m; sourceTree = "<group>"; };
		7745B2811EE5DD4900EC4614 /* SJDBMapCorrespondingKeyModel.h */ = {isa = PBXFileReference; fileEncoding = 4; lastKnownFileType = sourcecode.c.h; path = SJDBMapCorrespondingKeyModel.h; sourceTree = "<group>"; };
		7745B2821EE5DD4900EC4614 /* SJDBMapCorrespondingKeyModel.m */ = {isa = PBXFileReference; fileEncoding = 4; lastKnownFileType = sourcecode.c.objc; path = SJDBMapCorrespondingKeyModel.m; sourceTree = "<group>"; };
		7745B2831EE5DD4900EC4614 /* SJDBMap.h */ = {isa = PBXFileReference; fileEncoding = 4; lastKnownFileType = sourcecode.c.h; path = SJDBMap.h; sourceTree = "<group>"; };
		7745B2841EE5DD4900EC4614 /* SJDBMapPrimaryKeyModel.h */ = {isa = PBXFileReference; fileEncoding = 4; lastKnownFileType = sourcecode.c.h; path = SJDBMapPrimaryKeyModel.h; sourceTree = "<group>"; };
		7745B2851EE5DD4900EC4614 /* SJDBMapPrimaryKeyModel.m */ = {isa = PBXFileReference; fileEncoding = 4; lastKnownFileType = sourcecode.c.objc; path = SJDBMapPrimaryKeyModel.m; sourceTree = "<group>"; };
		7745B2861EE5DD4900EC4614 /* SJDBMapUnderstandingModel.h */ = {isa = PBXFileReference; fileEncoding = 4; lastKnownFileType = sourcecode.c.h; path = SJDBMapUnderstandingModel.h; sourceTree = "<group>"; };
		7745B2871EE5DD4900EC4614 /* SJDBMapUnderstandingModel.m */ = {isa = PBXFileReference; fileEncoding = 4; lastKnownFileType = sourcecode.c.objc; path = SJDBMapUnderstandingModel.m; sourceTree = "<group>"; };
		7745B2881EE5DD4900EC4614 /* SJDBMapUseProtocol.h */ = {isa = PBXFileReference; fileEncoding = 4; lastKnownFileType = sourcecode.c.h; path = SJDBMapUseProtocol.h; sourceTree = "<group>"; };
		77EAE40D1EE5EC3800E21057 /* SJDatabaseMap+GetInfo.h */ = {isa = PBXFileReference; fileEncoding = 4; lastKnownFileType = sourcecode.c.h; path = "SJDatabaseMap+GetInfo.h"; sourceTree = "<group>"; };
		77EAE40E1EE5EC3800E21057 /* SJDatabaseMap+GetInfo.m */ = {isa = PBXFileReference; fileEncoding = 4; lastKnownFileType = sourcecode.c.objc; path = "SJDatabaseMap+GetInfo.m"; sourceTree = "<group>"; };
		77EAE4101EE5EC3F00E21057 /* SJDatabaseMap+Server.h */ = {isa = PBXFileReference; fileEncoding = 4; lastKnownFileType = sourcecode.c.h; path = "SJDatabaseMap+Server.h"; sourceTree = "<group>"; };
		77EAE4111EE5EC3F00E21057 /* SJDatabaseMap+Server.m */ = {isa = PBXFileReference; fileEncoding = 4; lastKnownFileType = sourcecode.c.objc; path = "SJDatabaseMap+Server.m"; sourceTree = "<group>"; };
		E559417A2BA48C41C6BC60ED /* Pods-SJDBMapProject.debug.xcconfig */ = {isa = PBXFileReference; includeInIndex = 1; lastKnownFileType = text.xcconfig; name = "Pods-SJDBMapProject.debug.xcconfig"; path = "Pods/Target Support Files/Pods-SJDBMapProject/Pods-SJDBMapProject.debug.xcconfig"; sourceTree = "<group>"; };
/* End PBXFileReference section */

/* Begin PBXFrameworksBuildPhase section */
		7745B2151EE5D39B00EC4614 /* Frameworks */ = {
			isa = PBXFrameworksBuildPhase;
			buildActionMask = 2147483647;
			files = (
				7745B25A1EE5D3C500EC4614 /* libsqlite3.tbd in Frameworks */,
				1A7C21FAEDA989DF63569DE4 /* libPods-SJDBMapProject.a in Frameworks */,
			);
			runOnlyForDeploymentPostprocessing = 0;
		};
/* End PBXFrameworksBuildPhase section */

/* Begin PBXGroup section */
		5E14FCBBD131126DAA5EF665 /* Pods */ = {
			isa = PBXGroup;
			children = (
				E559417A2BA48C41C6BC60ED /* Pods-SJDBMapProject.debug.xcconfig */,
				6BDF88F9711C9429F86150C3 /* Pods-SJDBMapProject.release.xcconfig */,
			);
			name = Pods;
			sourceTree = "<group>";
		};
		7745B20F1EE5D39B00EC4614 = {
			isa = PBXGroup;
			children = (
				7745B21A1EE5D39B00EC4614 /* SJDBMapProject */,
				7745B2191EE5D39B00EC4614 /* Products */,
				7745B2571EE5D3BC00EC4614 /* Frameworks */,
				5E14FCBBD131126DAA5EF665 /* Pods */,
			);
			sourceTree = "<group>";
		};
		7745B2191EE5D39B00EC4614 /* Products */ = {
			isa = PBXGroup;
			children = (
				7745B2181EE5D39B00EC4614 /* SJDBMapProject.app */,
			);
			name = Products;
			sourceTree = "<group>";
		};
		7745B21A1EE5D39B00EC4614 /* SJDBMapProject */ = {
			isa = PBXGroup;
			children = (
				7745B21E1EE5D39B00EC4614 /* AppDelegate.h */,
				7745B21F1EE5D39B00EC4614 /* AppDelegate.m */,
				7745B2211EE5D39B00EC4614 /* ViewController.h */,
				7745B2221EE5D39B00EC4614 /* ViewController.m */,
				7745B2321EE5D3A700EC4614 /* Model */,
				7745B2761EE5DD4900EC4614 /* SJDBMap */,
				7745B2241EE5D39B00EC4614 /* Main.storyboard */,
				7745B2271EE5D39B00EC4614 /* Assets.xcassets */,
				7745B2291EE5D39B00EC4614 /* LaunchScreen.storyboard */,
				7745B22C1EE5D39B00EC4614 /* Info.plist */,
				7745B21B1EE5D39B00EC4614 /* Supporting Files */,
			);
			path = SJDBMapProject;
			sourceTree = "<group>";
		};
		7745B21B1EE5D39B00EC4614 /* Supporting Files */ = {
			isa = PBXGroup;
			children = (
				7745B21C1EE5D39B00EC4614 /* main.m */,
			);
			name = "Supporting Files";
			sourceTree = "<group>";
		};
		7745B2321EE5D3A700EC4614 /* Model */ = {
			isa = PBXGroup;
			children = (
				7745B2331EE5D3A700EC4614 /* Book.h */,
				7745B2341EE5D3A700EC4614 /* Book.m */,
				7745B2351EE5D3A700EC4614 /* Person.h */,
				7745B2361EE5D3A700EC4614 /* Person.m */,
				7745B2371EE5D3A700EC4614 /* PersonTag.h */,
				7745B2381EE5D3A700EC4614 /* PersonTag.m */,
				7732A9961EE983D30037A195 /* Goods.h */,
				7732A9971EE983D30037A195 /* Goods.m */,
			);
			path = Model;
			sourceTree = "<group>";
		};
		7745B2571EE5D3BC00EC4614 /* Frameworks */ = {
			isa = PBXGroup;
			children = (
				7745B2581EE5D3BC00EC4614 /* libsqlite3.tbd */,
				0D2DAC9C94365CD0165361DA /* libPods-SJDBMapProject.a */,
			);
			name = Frameworks;
			sourceTree = "<group>";
		};
		7745B2761EE5DD4900EC4614 /* SJDBMap */ = {
			isa = PBXGroup;
			children = (
				7745B2831EE5DD4900EC4614 /* SJDBMap.h */,
				7745B27B1EE5DD4900EC4614 /* SJDatabaseMap.h */,
				7745B27C1EE5DD4900EC4614 /* SJDatabaseMap.m */,
				77EAE40D1EE5EC3800E21057 /* SJDatabaseMap+GetInfo.h */,
				77EAE40E1EE5EC3800E21057 /* SJDatabaseMap+GetInfo.m */,
				77EAE4101EE5EC3F00E21057 /* SJDatabaseMap+Server.h */,
				77EAE4111EE5EC3F00E21057 /* SJDatabaseMap+Server.m */,
				779CB60A1EE871B200CE6916 /* Relevance */,
				7745B27D1EE5DD4900EC4614 /* SJDBMapArrayCorrespondingKeysModel.h */,
				7745B27E1EE5DD4900EC4614 /* SJDBMapArrayCorrespondingKeysModel.m */,
				7745B27F1EE5DD4900EC4614 /* SJDBMapAutoincrementPrimaryKeyModel.h */,
				7745B2801EE5DD4900EC4614 /* SJDBMapAutoincrementPrimaryKeyModel.m */,
				7745B2811EE5DD4900EC4614 /* SJDBMapCorrespondingKeyModel.h */,
				7745B2821EE5DD4900EC4614 /* SJDBMapCorrespondingKeyModel.m */,
				7745B2841EE5DD4900EC4614 /* SJDBMapPrimaryKeyModel.h */,
				7745B2851EE5DD4900EC4614 /* SJDBMapPrimaryKeyModel.m */,
				7745B2861EE5DD4900EC4614 /* SJDBMapUnderstandingModel.h */,
				7745B2871EE5DD4900EC4614 /* SJDBMapUnderstandingModel.m */,
				7745B2881EE5DD4900EC4614 /* SJDBMapUseProtocol.h */,
			);
			path = SJDBMap;
			sourceTree = SOURCE_ROOT;
		};
		779CB60A1EE871B200CE6916 /* Relevance */ = {
			isa = PBXGroup;
			children = (
			);
			name = Relevance;
			sourceTree = "<group>";
		};
/* End PBXGroup section */

/* Begin PBXNativeTarget section */
		7745B2171EE5D39B00EC4614 /* SJDBMapProject */ = {
			isa = PBXNativeTarget;
			buildConfigurationList = 7745B22F1EE5D39B00EC4614 /* Build configuration list for PBXNativeTarget "SJDBMapProject" */;
			buildPhases = (
				8324FDE679459AB9C1C60A0F /* [CP] Check Pods Manifest.lock */,
				7745B2141EE5D39B00EC4614 /* Sources */,
				7745B2151EE5D39B00EC4614 /* Frameworks */,
				7745B2161EE5D39B00EC4614 /* Resources */,
				3AEC004DEE8D8245270FE20B /* [CP] Embed Pods Frameworks */,
				F3574251A1B62D1F9219130A /* [CP] Copy Pods Resources */,
			);
			buildRules = (
			);
			dependencies = (
			);
			name = SJDBMapProject;
			productName = SJDBMapProject;
			productReference = 7745B2181EE5D39B00EC4614 /* SJDBMapProject.app */;
			productType = "com.apple.product-type.application";
		};
/* End PBXNativeTarget section */

/* Begin PBXProject section */
		7745B2101EE5D39B00EC4614 /* Project object */ = {
			isa = PBXProject;
			attributes = {
				LastUpgradeCheck = 0830;
				ORGANIZATIONNAME = SanJiang;
				TargetAttributes = {
					7745B2171EE5D39B00EC4614 = {
						CreatedOnToolsVersion = 8.3.2;
						ProvisioningStyle = Automatic;
					};
				};
			};
			buildConfigurationList = 7745B2131EE5D39B00EC4614 /* Build configuration list for PBXProject "SJDBMapProject" */;
			compatibilityVersion = "Xcode 3.2";
			developmentRegion = English;
			hasScannedForEncodings = 0;
			knownRegions = (
				en,
				Base,
			);
			mainGroup = 7745B20F1EE5D39B00EC4614;
			productRefGroup = 7745B2191EE5D39B00EC4614 /* Products */;
			projectDirPath = "";
			projectRoot = "";
			targets = (
				7745B2171EE5D39B00EC4614 /* SJDBMapProject */,
			);
		};
/* End PBXProject section */

/* Begin PBXResourcesBuildPhase section */
		7745B2161EE5D39B00EC4614 /* Resources */ = {
			isa = PBXResourcesBuildPhase;
			buildActionMask = 2147483647;
			files = (
				7745B22B1EE5D39B00EC4614 /* LaunchScreen.storyboard in Resources */,
				7745B2281EE5D39B00EC4614 /* Assets.xcassets in Resources */,
				7745B2261EE5D39B00EC4614 /* Main.storyboard in Resources */,
			);
			runOnlyForDeploymentPostprocessing = 0;
		};
/* End PBXResourcesBuildPhase section */

/* Begin PBXShellScriptBuildPhase section */
		3AEC004DEE8D8245270FE20B /* [CP] Embed Pods Frameworks */ = {
			isa = PBXShellScriptBuildPhase;
			buildActionMask = 2147483647;
			files = (
			);
			inputPaths = (
			);
			name = "[CP] Embed Pods Frameworks";
			outputPaths = (
			);
			runOnlyForDeploymentPostprocessing = 0;
			shellPath = /bin/sh;
			shellScript = "\"${SRCROOT}/Pods/Target Support Files/Pods-SJDBMapProject/Pods-SJDBMapProject-frameworks.sh\"\n";
			showEnvVarsInLog = 0;
		};
		8324FDE679459AB9C1C60A0F /* [CP] Check Pods Manifest.lock */ = {
			isa = PBXShellScriptBuildPhase;
			buildActionMask = 2147483647;
			files = (
			);
			inputPaths = (
			);
			name = "[CP] Check Pods Manifest.lock";
			outputPaths = (
			);
			runOnlyForDeploymentPostprocessing = 0;
			shellPath = /bin/sh;
			shellScript = "diff \"${PODS_ROOT}/../Podfile.lock\" \"${PODS_ROOT}/Manifest.lock\" > /dev/null\nif [ $? != 0 ] ; then\n    # print error to STDERR\n    echo \"error: The sandbox is not in sync with the Podfile.lock. Run 'pod install' or update your CocoaPods installation.\" >&2\n    exit 1\nfi\n";
			showEnvVarsInLog = 0;
		};
		F3574251A1B62D1F9219130A /* [CP] Copy Pods Resources */ = {
			isa = PBXShellScriptBuildPhase;
			buildActionMask = 2147483647;
			files = (
			);
			inputPaths = (
			);
			name = "[CP] Copy Pods Resources";
			outputPaths = (
			);
			runOnlyForDeploymentPostprocessing = 0;
			shellPath = /bin/sh;
			shellScript = "\"${SRCROOT}/Pods/Target Support Files/Pods-SJDBMapProject/Pods-SJDBMapProject-resources.sh\"\n";
			showEnvVarsInLog = 0;
		};
/* End PBXShellScriptBuildPhase section */

/* Begin PBXSourcesBuildPhase section */
		7745B2141EE5D39B00EC4614 /* Sources */ = {
			isa = PBXSourcesBuildPhase;
			buildActionMask = 2147483647;
			files = (
				7745B28F1EE5DD4900EC4614 /* SJDBMapPrimaryKeyModel.m in Sources */,
				7745B24C1EE5D3A700EC4614 /* Book.m in Sources */,
				77EAE4121EE5EC3F00E21057 /* SJDatabaseMap+Server.m in Sources */,
				7745B2231EE5D39B00EC4614 /* ViewController.m in Sources */,
				7745B28D1EE5DD4900EC4614 /* SJDBMapAutoincrementPrimaryKeyModel.m in Sources */,
				7745B28C1EE5DD4900EC4614 /* SJDBMapArrayCorrespondingKeysModel.m in Sources */,
				7745B28E1EE5DD4900EC4614 /* SJDBMapCorrespondingKeyModel.m in Sources */,
				7745B24D1EE5D3A700EC4614 /* Person.m in Sources */,
				7745B2201EE5D39B00EC4614 /* AppDelegate.m in Sources */,
				7745B21D1EE5D39B00EC4614 /* main.m in Sources */,
				7745B28B1EE5DD4900EC4614 /* SJDatabaseMap.m in Sources */,
				7745B2901EE5DD4900EC4614 /* SJDBMapUnderstandingModel.m in Sources */,
				7732A9981EE983D30037A195 /* Goods.m in Sources */,
				7745B24E1EE5D3A700EC4614 /* PersonTag.m in Sources */,
				77EAE40F1EE5EC3800E21057 /* SJDatabaseMap+GetInfo.m in Sources */,
			);
			runOnlyForDeploymentPostprocessing = 0;
		};
/* End PBXSourcesBuildPhase section */

/* Begin PBXVariantGroup section */
		7745B2241EE5D39B00EC4614 /* Main.storyboard */ = {
			isa = PBXVariantGroup;
			children = (
				7745B2251EE5D39B00EC4614 /* Base */,
			);
			name = Main.storyboard;
			sourceTree = "<group>";
		};
		7745B2291EE5D39B00EC4614 /* LaunchScreen.storyboard */ = {
			isa = PBXVariantGroup;
			children = (
				7745B22A1EE5D39B00EC4614 /* Base */,
			);
			name = LaunchScreen.storyboard;
			sourceTree = "<group>";
		};
/* End PBXVariantGroup section */

/* Begin XCBuildConfiguration section */
		7745B22D1EE5D39B00EC4614 /* Debug */ = {
			isa = XCBuildConfiguration;
			buildSettings = {
				ALWAYS_SEARCH_USER_PATHS = NO;
				CLANG_ANALYZER_NONNULL = YES;
				CLANG_ANALYZER_NUMBER_OBJECT_CONVERSION = YES_AGGRESSIVE;
				CLANG_CXX_LANGUAGE_STANDARD = "gnu++0x";
				CLANG_CXX_LIBRARY = "libc++";
				CLANG_ENABLE_MODULES = YES;
				CLANG_ENABLE_OBJC_ARC = YES;
				CLANG_WARN_BOOL_CONVERSION = YES;
				CLANG_WARN_CONSTANT_CONVERSION = YES;
				CLANG_WARN_DIRECT_OBJC_ISA_USAGE = YES_ERROR;
				CLANG_WARN_DOCUMENTATION_COMMENTS = YES;
				CLANG_WARN_EMPTY_BODY = YES;
				CLANG_WARN_ENUM_CONVERSION = YES;
				CLANG_WARN_INFINITE_RECURSION = YES;
				CLANG_WARN_INT_CONVERSION = YES;
				CLANG_WARN_OBJC_ROOT_CLASS = YES_ERROR;
				CLANG_WARN_SUSPICIOUS_MOVE = YES;
				CLANG_WARN_UNREACHABLE_CODE = YES;
				CLANG_WARN__DUPLICATE_METHOD_MATCH = YES;
				"CODE_SIGN_IDENTITY[sdk=iphoneos*]" = "iPhone Developer";
				COPY_PHASE_STRIP = NO;
				DEBUG_INFORMATION_FORMAT = dwarf;
				ENABLE_STRICT_OBJC_MSGSEND = YES;
				ENABLE_TESTABILITY = YES;
				GCC_C_LANGUAGE_STANDARD = gnu99;
				GCC_DYNAMIC_NO_PIC = NO;
				GCC_NO_COMMON_BLOCKS = YES;
				GCC_OPTIMIZATION_LEVEL = 0;
				GCC_PREPROCESSOR_DEFINITIONS = (
					"DEBUG=1",
					"$(inherited)",
				);
				GCC_WARN_64_TO_32_BIT_CONVERSION = YES;
				GCC_WARN_ABOUT_RETURN_TYPE = YES_ERROR;
				GCC_WARN_UNDECLARED_SELECTOR = YES;
				GCC_WARN_UNINITIALIZED_AUTOS = YES_AGGRESSIVE;
				GCC_WARN_UNUSED_FUNCTION = YES;
				GCC_WARN_UNUSED_VARIABLE = YES;
				IPHONEOS_DEPLOYMENT_TARGET = 10.3;
				MTL_ENABLE_DEBUG_INFO = YES;
				ONLY_ACTIVE_ARCH = YES;
				SDKROOT = iphoneos;
				TARGETED_DEVICE_FAMILY = "1,2";
			};
			name = Debug;
		};
		7745B22E1EE5D39B00EC4614 /* Release */ = {
			isa = XCBuildConfiguration;
			buildSettings = {
				ALWAYS_SEARCH_USER_PATHS = NO;
				CLANG_ANALYZER_NONNULL = YES;
				CLANG_ANALYZER_NUMBER_OBJECT_CONVERSION = YES_AGGRESSIVE;
				CLANG_CXX_LANGUAGE_STANDARD = "gnu++0x";
				CLANG_CXX_LIBRARY = "libc++";
				CLANG_ENABLE_MODULES = YES;
				CLANG_ENABLE_OBJC_ARC = YES;
				CLANG_WARN_BOOL_CONVERSION = YES;
				CLANG_WARN_CONSTANT_CONVERSION = YES;
				CLANG_WARN_DIRECT_OBJC_ISA_USAGE = YES_ERROR;
				CLANG_WARN_DOCUMENTATION_COMMENTS = YES;
				CLANG_WARN_EMPTY_BODY = YES;
				CLANG_WARN_ENUM_CONVERSION = YES;
				CLANG_WARN_INFINITE_RECURSION = YES;
				CLANG_WARN_INT_CONVERSION = YES;
				CLANG_WARN_OBJC_ROOT_CLASS = YES_ERROR;
				CLANG_WARN_SUSPICIOUS_MOVE = YES;
				CLANG_WARN_UNREACHABLE_CODE = YES;
				CLANG_WARN__DUPLICATE_METHOD_MATCH = YES;
				"CODE_SIGN_IDENTITY[sdk=iphoneos*]" = "iPhone Developer";
				COPY_PHASE_STRIP = NO;
				DEBUG_INFORMATION_FORMAT = "dwarf-with-dsym";
				ENABLE_NS_ASSERTIONS = NO;
				ENABLE_STRICT_OBJC_MSGSEND = YES;
				GCC_C_LANGUAGE_STANDARD = gnu99;
				GCC_NO_COMMON_BLOCKS = YES;
				GCC_WARN_64_TO_32_BIT_CONVERSION = YES;
				GCC_WARN_ABOUT_RETURN_TYPE = YES_ERROR;
				GCC_WARN_UNDECLARED_SELECTOR = YES;
				GCC_WARN_UNINITIALIZED_AUTOS = YES_AGGRESSIVE;
				GCC_WARN_UNUSED_FUNCTION = YES;
				GCC_WARN_UNUSED_VARIABLE = YES;
				IPHONEOS_DEPLOYMENT_TARGET = 10.3;
				MTL_ENABLE_DEBUG_INFO = NO;
				SDKROOT = iphoneos;
				TARGETED_DEVICE_FAMILY = "1,2";
				VALIDATE_PRODUCT = YES;
			};
			name = Release;
		};
		7745B2301EE5D39B00EC4614 /* Debug */ = {
			isa = XCBuildConfiguration;
			baseConfigurationReference = E559417A2BA48C41C6BC60ED /* Pods-SJDBMapProject.debug.xcconfig */;
			buildSettings = {
				ASSETCATALOG_COMPILER_APPICON_NAME = AppIcon;
				INFOPLIST_FILE = SJDBMapProject/Info.plist;
				LD_RUNPATH_SEARCH_PATHS = "$(inherited) @executable_path/Frameworks";
				PRODUCT_BUNDLE_IDENTIFIER = com.SanJiang.SJDBMapProject;
				PRODUCT_NAME = "$(TARGET_NAME)";
			};
			name = Debug;
		};
		7745B2311EE5D39B00EC4614 /* Release */ = {
			isa = XCBuildConfiguration;
			baseConfigurationReference = 6BDF88F9711C9429F86150C3 /* Pods-SJDBMapProject.release.xcconfig */;
			buildSettings = {
				ASSETCATALOG_COMPILER_APPICON_NAME = AppIcon;
				INFOPLIST_FILE = SJDBMapProject/Info.plist;
				LD_RUNPATH_SEARCH_PATHS = "$(inherited) @executable_path/Frameworks";
				PRODUCT_BUNDLE_IDENTIFIER = com.SanJiang.SJDBMapProject;
				PRODUCT_NAME = "$(TARGET_NAME)";
			};
			name = Release;
		};
/* End XCBuildConfiguration section */

/* Begin XCConfigurationList section */
		7745B2131EE5D39B00EC4614 /* Build configuration list for PBXProject "SJDBMapProject" */ = {
			isa = XCConfigurationList;
			buildConfigurations = (
				7745B22D1EE5D39B00EC4614 /* Debug */,
				7745B22E1EE5D39B00EC4614 /* Release */,
			);
			defaultConfigurationIsVisible = 0;
			defaultConfigurationName = Release;
		};
		7745B22F1EE5D39B00EC4614 /* Build configuration list for PBXNativeTarget "SJDBMapProject" */ = {
			isa = XCConfigurationList;
			buildConfigurations = (
				7745B2301EE5D39B00EC4614 /* Debug */,
				7745B2311EE5D39B00EC4614 /* Release */,
			);
			defaultConfigurationIsVisible = 0;
			defaultConfigurationName = Release;
		};
/* End XCConfigurationList section */
	};
	rootObject = 7745B2101EE5D39B00EC4614 /* Project object */;
}
